// !$*UTF8*$!
{
	archiveVersion = 1;
	classes = {
	};
	objectVersion = 46;
	objects = {

/* Begin PBXBuildFile section */
		4841F5E91C2ABC60004979F4 /* pic5.jpg in Resources */ = {isa = PBXBuildFile; fileRef = 4841F5E51C2ABC60004979F4 /* pic5.jpg */; };
		4841F5EA1C2ABC60004979F4 /* pic6.jpg in Resources */ = {isa = PBXBuildFile; fileRef = 4841F5E61C2ABC60004979F4 /* pic6.jpg */; };
		4841F5EB1C2ABC60004979F4 /* pic7.jpg in Resources */ = {isa = PBXBuildFile; fileRef = 4841F5E71C2ABC60004979F4 /* pic7.jpg */; };
		4841F5EC1C2ABC60004979F4 /* pic8.jpg in Resources */ = {isa = PBXBuildFile; fileRef = 4841F5E81C2ABC60004979F4 /* pic8.jpg */; };
		4841F5F21C2ACC2B004979F4 /* pbg.jpg in Resources */ = {isa = PBXBuildFile; fileRef = 4841F5F01C2ACC2B004979F4 /* pbg.jpg */; };
		4841F5F31C2ACC2B004979F4 /* picon.jpg in Resources */ = {isa = PBXBuildFile; fileRef = 4841F5F11C2ACC2B004979F4 /* picon.jpg */; };
		485302CC1C3F6490004361A7 /* SDBrowserImageView.m in Sources */ = {isa = PBXBuildFile; fileRef = 485302991C3F6490004361A7 /* SDBrowserImageView.m */; };
		485302CD1C3F6490004361A7 /* SDPhotoBrowser.m in Sources */ = {isa = PBXBuildFile; fileRef = 4853029B1C3F6490004361A7 /* SDPhotoBrowser.m */; };
		485302CE1C3F6490004361A7 /* SDWaitingView.m in Sources */ = {isa = PBXBuildFile; fileRef = 4853029E1C3F6490004361A7 /* SDWaitingView.m */; };
		485302CF1C3F6490004361A7 /* sdRefeshView_arrow@2x.png in Resources */ = {isa = PBXBuildFile; fileRef = 485302A01C3F6490004361A7 /* sdRefeshView_arrow@2x.png */; };
		485302D01C3F6490004361A7 /* SDRefreshFooterView.m in Sources */ = {isa = PBXBuildFile; fileRef = 485302A31C3F6490004361A7 /* SDRefreshFooterView.m */; };
		485302D11C3F6490004361A7 /* SDRefreshHeaderView.m in Sources */ = {isa = PBXBuildFile; fileRef = 485302A51C3F6490004361A7 /* SDRefreshHeaderView.m */; };
		485302D21C3F6490004361A7 /* SDRefreshView.m in Sources */ = {isa = PBXBuildFile; fileRef = 485302A71C3F6490004361A7 /* SDRefreshView.m */; };
		485302D31C3F6490004361A7 /* UIView+SDExtension.m in Sources */ = {isa = PBXBuildFile; fileRef = 485302A91C3F6490004361A7 /* UIView+SDExtension.m */; };
		485302D41C3F6490004361A7 /* MKAnnotationView+WebCache.m in Sources */ = {isa = PBXBuildFile; fileRef = 485302AC1C3F6490004361A7 /* MKAnnotationView+WebCache.m */; };
		485302D51C3F6490004361A7 /* NSData+ImageContentType.m in Sources */ = {isa = PBXBuildFile; fileRef = 485302AE1C3F6490004361A7 /* NSData+ImageContentType.m */; };
		485302D61C3F6490004361A7 /* SDImageCache.m in Sources */ = {isa = PBXBuildFile; fileRef = 485302B01C3F6490004361A7 /* SDImageCache.m */; };
		485302D71C3F6490004361A7 /* SDWebImageCompat.m in Sources */ = {isa = PBXBuildFile; fileRef = 485302B21C3F6490004361A7 /* SDWebImageCompat.m */; };
		485302D81C3F6490004361A7 /* SDWebImageDecoder.m in Sources */ = {isa = PBXBuildFile; fileRef = 485302B41C3F6490004361A7 /* SDWebImageDecoder.m */; };
		485302D91C3F6490004361A7 /* SDWebImageDownloader.m in Sources */ = {isa = PBXBuildFile; fileRef = 485302B61C3F6490004361A7 /* SDWebImageDownloader.m */; };
		485302DA1C3F6490004361A7 /* SDWebImageDownloaderOperation.m in Sources */ = {isa = PBXBuildFile; fileRef = 485302B81C3F6490004361A7 /* SDWebImageDownloaderOperation.m */; };
		485302DB1C3F6490004361A7 /* SDWebImageManager.m in Sources */ = {isa = PBXBuildFile; fileRef = 485302BA1C3F6490004361A7 /* SDWebImageManager.m */; };
		485302DC1C3F6490004361A7 /* SDWebImagePrefetcher.m in Sources */ = {isa = PBXBuildFile; fileRef = 485302BD1C3F6490004361A7 /* SDWebImagePrefetcher.m */; };
		485302DD1C3F6490004361A7 /* UIButton+WebCache.m in Sources */ = {isa = PBXBuildFile; fileRef = 485302BF1C3F6490004361A7 /* UIButton+WebCache.m */; };
		485302DE1C3F6490004361A7 /* UIImage+GIF.m in Sources */ = {isa = PBXBuildFile; fileRef = 485302C11C3F6490004361A7 /* UIImage+GIF.m */; };
		485302DF1C3F6490004361A7 /* UIImage+MultiFormat.m in Sources */ = {isa = PBXBuildFile; fileRef = 485302C31C3F6490004361A7 /* UIImage+MultiFormat.m */; };
		485302E01C3F6490004361A7 /* UIImage+WebP.m in Sources */ = {isa = PBXBuildFile; fileRef = 485302C51C3F6490004361A7 /* UIImage+WebP.m */; };
		485302E11C3F6490004361A7 /* UIImageView+HighlightedWebCache.m in Sources */ = {isa = PBXBuildFile; fileRef = 485302C71C3F6490004361A7 /* UIImageView+HighlightedWebCache.m */; };
		485302E21C3F6490004361A7 /* UIImageView+WebCache.m in Sources */ = {isa = PBXBuildFile; fileRef = 485302C91C3F6490004361A7 /* UIImageView+WebCache.m */; };
		485302E31C3F6490004361A7 /* UIView+WebCacheOperation.m in Sources */ = {isa = PBXBuildFile; fileRef = 485302CB1C3F6490004361A7 /* UIView+WebCacheOperation.m */; };
		485302F41C3F65EE004361A7 /* TAAbstractDotView.m in Sources */ = {isa = PBXBuildFile; fileRef = 485302E71C3F65EE004361A7 /* TAAbstractDotView.m */; };
		485302F51C3F65EE004361A7 /* TAAnimatedDotView.m in Sources */ = {isa = PBXBuildFile; fileRef = 485302E91C3F65EE004361A7 /* TAAnimatedDotView.m */; };
		485302F61C3F65EE004361A7 /* TADotView.m in Sources */ = {isa = PBXBuildFile; fileRef = 485302EB1C3F65EE004361A7 /* TADotView.m */; };
		485302F71C3F65EE004361A7 /* TAPageControl.m in Sources */ = {isa = PBXBuildFile; fileRef = 485302ED1C3F65EE004361A7 /* TAPageControl.m */; };
		485302F81C3F65EE004361A7 /* SDCollectionViewCell.m in Sources */ = {isa = PBXBuildFile; fileRef = 485302EF1C3F65EE004361A7 /* SDCollectionViewCell.m */; };
		485302F91C3F65EE004361A7 /* SDCycleScrollView.m in Sources */ = {isa = PBXBuildFile; fileRef = 485302F11C3F65EE004361A7 /* SDCycleScrollView.m */; };
		485302FA1C3F65EE004361A7 /* UIView+SDExtension.m in Sources */ = {isa = PBXBuildFile; fileRef = 485302F31C3F65EE004361A7 /* UIView+SDExtension.m */; };
		485303351C3F977A004361A7 /* DemoVC0.m in Sources */ = {isa = PBXBuildFile; fileRef = 485303051C3F977A004361A7 /* DemoVC0.m */; };
		485303361C3F977A004361A7 /* DemoVC1.m in Sources */ = {isa = PBXBuildFile; fileRef = 485303081C3F977A004361A7 /* DemoVC1.m */; };
		485303371C3F977A004361A7 /* DemoVC2.m in Sources */ = {isa = PBXBuildFile; fileRef = 4853030B1C3F977A004361A7 /* DemoVC2.m */; };
		485303381C3F977A004361A7 /* DemoVC3.m in Sources */ = {isa = PBXBuildFile; fileRef = 4853030E1C3F977A004361A7 /* DemoVC3.m */; };
		485303391C3F977A004361A7 /* TestCell2.m in Sources */ = {isa = PBXBuildFile; fileRef = 485303101C3F977A004361A7 /* TestCell2.m */; };
		4853033A1C3F977A004361A7 /* DemoVC4.m in Sources */ = {isa = PBXBuildFile; fileRef = 485303131C3F977A004361A7 /* DemoVC4.m */; };
		4853033B1C3F977A004361A7 /* DemoVC5.m in Sources */ = {isa = PBXBuildFile; fileRef = 485303161C3F977A004361A7 /* DemoVC5.m */; };
		4853033C1C3F977A004361A7 /* DemoVC5CellTableViewCell.m in Sources */ = {isa = PBXBuildFile; fileRef = 485303181C3F977A004361A7 /* DemoVC5CellTableViewCell.m */; };
		4853033D1C3F977A004361A7 /* DemoVC5Model.m in Sources */ = {isa = PBXBuildFile; fileRef = 4853031A1C3F977A004361A7 /* DemoVC5Model.m */; };
		4853033E1C3F977A004361A7 /* DemoVC6.m in Sources */ = {isa = PBXBuildFile; fileRef = 4853031D1C3F977A004361A7 /* DemoVC6.m */; };
		4853033F1C3F977A004361A7 /* DemoVC7.m in Sources */ = {isa = PBXBuildFile; fileRef = 485303201C3F977A004361A7 /* DemoVC7.m */; };
		485303401C3F977A004361A7 /* DemoVC7Cell.m in Sources */ = {isa = PBXBuildFile; fileRef = 485303221C3F977A004361A7 /* DemoVC7Cell.m */; };
		485303411C3F977A004361A7 /* DemoVC7Cell2.m in Sources */ = {isa = PBXBuildFile; fileRef = 485303241C3F977A004361A7 /* DemoVC7Cell2.m */; };
		485303421C3F977A004361A7 /* DemoVC7Model.m in Sources */ = {isa = PBXBuildFile; fileRef = 485303261C3F977A004361A7 /* DemoVC7Model.m */; };
		485303431C3F977A004361A7 /* DemoVC8.m in Sources */ = {isa = PBXBuildFile; fileRef = 485303291C3F977A004361A7 /* DemoVC8.m */; };
		485303441C3F977A004361A7 /* Demo9Model.m in Sources */ = {isa = PBXBuildFile; fileRef = 4853032C1C3F977A004361A7 /* Demo9Model.m */; };
		485303451C3F977A004361A7 /* DemoVC9.m in Sources */ = {isa = PBXBuildFile; fileRef = 4853032E1C3F977A004361A7 /* DemoVC9.m */; };
		485303461C3F977A004361A7 /* DemoVC9Cell.m in Sources */ = {isa = PBXBuildFile; fileRef = 485303301C3F977A004361A7 /* DemoVC9Cell.m */; };
		485303471C3F977A004361A7 /* DemoVC9HeaderView.m in Sources */ = {isa = PBXBuildFile; fileRef = 485303321C3F977A004361A7 /* DemoVC9HeaderView.m */; };
		485303481C3F977A004361A7 /* SDWeiXinPhotoContainerView.m in Sources */ = {isa = PBXBuildFile; fileRef = 485303341C3F977A004361A7 /* SDWeiXinPhotoContainerView.m */; };
		485303501C3F97AA004361A7 /* AppDelegate.m in Sources */ = {isa = PBXBuildFile; fileRef = 4853034B1C3F97AA004361A7 /* AppDelegate.m */; };
		485303511C3F97AA004361A7 /* DemoTableViewControler.m in Sources */ = {isa = PBXBuildFile; fileRef = 4853034D1C3F97AA004361A7 /* DemoTableViewControler.m */; };
		485303521C3F97AA004361A7 /* ViewController.m in Sources */ = {isa = PBXBuildFile; fileRef = 4853034F1C3F97AA004361A7 /* ViewController.m */; };
		485303551C3F97E6004361A7 /* DemoCell.m in Sources */ = {isa = PBXBuildFile; fileRef = 485303541C3F97E6004361A7 /* DemoCell.m */; };
		487D3EB71BCB9EC700A66173 /* main.m in Sources */ = {isa = PBXBuildFile; fileRef = 487D3EB61BCB9EC700A66173 /* main.m */; };
		487D3EC01BCB9EC700A66173 /* Main.storyboard in Resources */ = {isa = PBXBuildFile; fileRef = 487D3EBE1BCB9EC700A66173 /* Main.storyboard */; };
		487D3EC21BCB9EC700A66173 /* Images.xcassets in Resources */ = {isa = PBXBuildFile; fileRef = 487D3EC11BCB9EC700A66173 /* Images.xcassets */; };
		487D3EC51BCB9EC700A66173 /* LaunchScreen.xib in Resources */ = {isa = PBXBuildFile; fileRef = 487D3EC31BCB9EC700A66173 /* LaunchScreen.xib */; };
		487D3ED11BCB9EC700A66173 /* SDAutoLayoutDemoTests.m in Sources */ = {isa = PBXBuildFile; fileRef = 487D3ED01BCB9EC700A66173 /* SDAutoLayoutDemoTests.m */; };
		48DBCD1A1C01E045002EC476 /* icon0.jpg in Resources */ = {isa = PBXBuildFile; fileRef = 48DBCD101C01E045002EC476 /* icon0.jpg */; };
		48DBCD1B1C01E045002EC476 /* icon1.jpg in Resources */ = {isa = PBXBuildFile; fileRef = 48DBCD111C01E045002EC476 /* icon1.jpg */; };
		48DBCD1C1C01E045002EC476 /* icon2.jpg in Resources */ = {isa = PBXBuildFile; fileRef = 48DBCD121C01E045002EC476 /* icon2.jpg */; };
		48DBCD1D1C01E045002EC476 /* icon3.jpg in Resources */ = {isa = PBXBuildFile; fileRef = 48DBCD131C01E045002EC476 /* icon3.jpg */; };
		48DBCD1E1C01E045002EC476 /* icon4.jpg in Resources */ = {isa = PBXBuildFile; fileRef = 48DBCD141C01E045002EC476 /* icon4.jpg */; };
		48DBCD1F1C01E045002EC476 /* pic0.jpg in Resources */ = {isa = PBXBuildFile; fileRef = 48DBCD151C01E045002EC476 /* pic0.jpg */; };
		48DBCD201C01E045002EC476 /* pic1.jpg in Resources */ = {isa = PBXBuildFile; fileRef = 48DBCD161C01E045002EC476 /* pic1.jpg */; };
		48DBCD211C01E045002EC476 /* pic2.jpg in Resources */ = {isa = PBXBuildFile; fileRef = 48DBCD171C01E045002EC476 /* pic2.jpg */; };
		48DBCD221C01E045002EC476 /* pic3.jpg in Resources */ = {isa = PBXBuildFile; fileRef = 48DBCD181C01E045002EC476 /* pic3.jpg */; };
		48DBCD231C01E045002EC476 /* pic4.jpg in Resources */ = {isa = PBXBuildFile; fileRef = 48DBCD191C01E045002EC476 /* pic4.jpg */; };
		99A697741C423B0D004EA699 /* UITableView+SDAutoTableViewCellHeight.m in Sources */ = {isa = PBXBuildFile; fileRef = 99A697711C423B0D004EA699 /* UITableView+SDAutoTableViewCellHeight.m */; };
		99A697751C423B0D004EA699 /* UIView+SDAutoLayout.m in Sources */ = {isa = PBXBuildFile; fileRef = 99A697731C423B0D004EA699 /* UIView+SDAutoLayout.m */; };
/* End PBXBuildFile section */

/* Begin PBXContainerItemProxy section */
		487D3ECB1BCB9EC700A66173 /* PBXContainerItemProxy */ = {
			isa = PBXContainerItemProxy;
			containerPortal = 487D3EA91BCB9EC700A66173 /* Project object */;
			proxyType = 1;
			remoteGlobalIDString = 487D3EB01BCB9EC700A66173;
			remoteInfo = "SDAutoLayout 测试 Demo";
		};
/* End PBXContainerItemProxy section */

/* Begin PBXFileReference section */
		4841F5E51C2ABC60004979F4 /* pic5.jpg */ = {isa = PBXFileReference; lastKnownFileType = image.jpeg; path = pic5.jpg; sourceTree = "<group>"; };
		4841F5E61C2ABC60004979F4 /* pic6.jpg */ = {isa = PBXFileReference; lastKnownFileType = image.jpeg; path = pic6.jpg; sourceTree = "<group>"; };
		4841F5E71C2ABC60004979F4 /* pic7.jpg */ = {isa = PBXFileReference; lastKnownFileType = image.jpeg; path = pic7.jpg; sourceTree = "<group>"; };
		4841F5E81C2ABC60004979F4 /* pic8.jpg */ = {isa = PBXFileReference; lastKnownFileType = image.jpeg; path = pic8.jpg; sourceTree = "<group>"; };
		4841F5F01C2ACC2B004979F4 /* pbg.jpg */ = {isa = PBXFileReference; lastKnownFileType = image.jpeg; path = pbg.jpg; sourceTree = "<group>"; };
		4841F5F11C2ACC2B004979F4 /* picon.jpg */ = {isa = PBXFileReference; lastKnownFileType = image.jpeg; path = picon.jpg; sourceTree = "<group>"; };
		485302981C3F648F004361A7 /* SDBrowserImageView.h */ = {isa = PBXFileReference; fileEncoding = 4; lastKnownFileType = sourcecode.c.h; path = SDBrowserImageView.h; sourceTree = "<group>"; };
		485302991C3F6490004361A7 /* SDBrowserImageView.m */ = {isa = PBXFileReference; fileEncoding = 4; lastKnownFileType = sourcecode.c.objc; path = SDBrowserImageView.m; sourceTree = "<group>"; };
		4853029A1C3F6490004361A7 /* SDPhotoBrowser.h */ = {isa = PBXFileReference; fileEncoding = 4; lastKnownFileType = sourcecode.c.h; path = SDPhotoBrowser.h; sourceTree = "<group>"; };
		4853029B1C3F6490004361A7 /* SDPhotoBrowser.m */ = {isa = PBXFileReference; fileEncoding = 4; lastKnownFileType = sourcecode.c.objc; path = SDPhotoBrowser.m; sourceTree = "<group>"; };
		4853029C1C3F6490004361A7 /* SDPhotoBrowserConfig.h */ = {isa = PBXFileReference; fileEncoding = 4; lastKnownFileType = sourcecode.c.h; path = SDPhotoBrowserConfig.h; sourceTree = "<group>"; };
		4853029D1C3F6490004361A7 /* SDWaitingView.h */ = {isa = PBXFileReference; fileEncoding = 4; lastKnownFileType = sourcecode.c.h; path = SDWaitingView.h; sourceTree = "<group>"; };
		4853029E1C3F6490004361A7 /* SDWaitingView.m */ = {isa = PBXFileReference; fileEncoding = 4; lastKnownFileType = sourcecode.c.objc; path = SDWaitingView.m; sourceTree = "<group>"; };
		485302A01C3F6490004361A7 /* sdRefeshView_arrow@2x.png */ = {isa = PBXFileReference; lastKnownFileType = image.png; path = "sdRefeshView_arrow@2x.png"; sourceTree = "<group>"; };
		485302A11C3F6490004361A7 /* SDRefresh.h */ = {isa = PBXFileReference; fileEncoding = 4; lastKnownFileType = sourcecode.c.h; path = SDRefresh.h; sourceTree = "<group>"; };
		485302A21C3F6490004361A7 /* SDRefreshFooterView.h */ = {isa = PBXFileReference; fileEncoding = 4; lastKnownFileType = sourcecode.c.h; path = SDRefreshFooterView.h; sourceTree = "<group>"; };
		485302A31C3F6490004361A7 /* SDRefreshFooterView.m */ = {isa = PBXFileReference; fileEncoding = 4; lastKnownFileType = sourcecode.c.objc; path = SDRefreshFooterView.m; sourceTree = "<group>"; };
		485302A41C3F6490004361A7 /* SDRefreshHeaderView.h */ = {isa = PBXFileReference; fileEncoding = 4; lastKnownFileType = sourcecode.c.h; path = SDRefreshHeaderView.h; sourceTree = "<group>"; };
		485302A51C3F6490004361A7 /* SDRefreshHeaderView.m */ = {isa = PBXFileReference; fileEncoding = 4; lastKnownFileType = sourcecode.c.objc; path = SDRefreshHeaderView.m; sourceTree = "<group>"; };
		485302A61C3F6490004361A7 /* SDRefreshView.h */ = {isa = PBXFileReference; fileEncoding = 4; lastKnownFileType = sourcecode.c.h; path = SDRefreshView.h; sourceTree = "<group>"; };
		485302A71C3F6490004361A7 /* SDRefreshView.m */ = {isa = PBXFileReference; fileEncoding = 4; lastKnownFileType = sourcecode.c.objc; path = SDRefreshView.m; sourceTree = "<group>"; };
		485302A81C3F6490004361A7 /* UIView+SDExtension.h */ = {isa = PBXFileReference; fileEncoding = 4; lastKnownFileType = sourcecode.c.h; path = "UIView+SDExtension.h"; sourceTree = "<group>"; };
		485302A91C3F6490004361A7 /* UIView+SDExtension.m */ = {isa = PBXFileReference; fileEncoding = 4; lastKnownFileType = sourcecode.c.objc; path = "UIView+SDExtension.m"; sourceTree = "<group>"; };
		485302AB1C3F6490004361A7 /* MKAnnotationView+WebCache.h */ = {isa = PBXFileReference; fileEncoding = 4; lastKnownFileType = sourcecode.c.h; path = "MKAnnotationView+WebCache.h"; sourceTree = "<group>"; };
		485302AC1C3F6490004361A7 /* MKAnnotationView+WebCache.m */ = {isa = PBXFileReference; fileEncoding = 4; lastKnownFileType = sourcecode.c.objc; path = "MKAnnotationView+WebCache.m"; sourceTree = "<group>"; };
		485302AD1C3F6490004361A7 /* NSData+ImageContentType.h */ = {isa = PBXFileReference; fileEncoding = 4; lastKnownFileType = sourcecode.c.h; path = "NSData+ImageContentType.h"; sourceTree = "<group>"; };
		485302AE1C3F6490004361A7 /* NSData+ImageContentType.m */ = {isa = PBXFileReference; fileEncoding = 4; lastKnownFileType = sourcecode.c.objc; path = "NSData+ImageContentType.m"; sourceTree = "<group>"; };
		485302AF1C3F6490004361A7 /* SDImageCache.h */ = {isa = PBXFileReference; fileEncoding = 4; lastKnownFileType = sourcecode.c.h; path = SDImageCache.h; sourceTree = "<group>"; };
		485302B01C3F6490004361A7 /* SDImageCache.m */ = {isa = PBXFileReference; fileEncoding = 4; lastKnownFileType = sourcecode.c.objc; path = SDImageCache.m; sourceTree = "<group>"; };
		485302B11C3F6490004361A7 /* SDWebImageCompat.h */ = {isa = PBXFileReference; fileEncoding = 4; lastKnownFileType = sourcecode.c.h; path = SDWebImageCompat.h; sourceTree = "<group>"; };
		485302B21C3F6490004361A7 /* SDWebImageCompat.m */ = {isa = PBXFileReference; fileEncoding = 4; lastKnownFileType = sourcecode.c.objc; path = SDWebImageCompat.m; sourceTree = "<group>"; };
		485302B31C3F6490004361A7 /* SDWebImageDecoder.h */ = {isa = PBXFileReference; fileEncoding = 4; lastKnownFileType = sourcecode.c.h; path = SDWebImageDecoder.h; sourceTree = "<group>"; };
		485302B41C3F6490004361A7 /* SDWebImageDecoder.m */ = {isa = PBXFileReference; fileEncoding = 4; lastKnownFileType = sourcecode.c.objc; path = SDWebImageDecoder.m; sourceTree = "<group>"; };
		485302B51C3F6490004361A7 /* SDWebImageDownloader.h */ = {isa = PBXFileReference; fileEncoding = 4; lastKnownFileType = sourcecode.c.h; path = SDWebImageDownloader.h; sourceTree = "<group>"; };
		485302B61C3F6490004361A7 /* SDWebImageDownloader.m */ = {isa = PBXFileReference; fileEncoding = 4; lastKnownFileType = sourcecode.c.objc; path = SDWebImageDownloader.m; sourceTree = "<group>"; };
		485302B71C3F6490004361A7 /* SDWebImageDownloaderOperation.h */ = {isa = PBXFileReference; fileEncoding = 4; lastKnownFileType = sourcecode.c.h; path = SDWebImageDownloaderOperation.h; sourceTree = "<group>"; };
		485302B81C3F6490004361A7 /* SDWebImageDownloaderOperation.m */ = {isa = PBXFileReference; fileEncoding = 4; lastKnownFileType = sourcecode.c.objc; path = SDWebImageDownloaderOperation.m; sourceTree = "<group>"; };
		485302B91C3F6490004361A7 /* SDWebImageManager.h */ = {isa = PBXFileReference; fileEncoding = 4; lastKnownFileType = sourcecode.c.h; path = SDWebImageManager.h; sourceTree = "<group>"; };
		485302BA1C3F6490004361A7 /* SDWebImageManager.m */ = {isa = PBXFileReference; fileEncoding = 4; lastKnownFileType = sourcecode.c.objc; path = SDWebImageManager.m; sourceTree = "<group>"; };
		485302BB1C3F6490004361A7 /* SDWebImageOperation.h */ = {isa = PBXFileReference; fileEncoding = 4; lastKnownFileType = sourcecode.c.h; path = SDWebImageOperation.h; sourceTree = "<group>"; };
		485302BC1C3F6490004361A7 /* SDWebImagePrefetcher.h */ = {isa = PBXFileReference; fileEncoding = 4; lastKnownFileType = sourcecode.c.h; path = SDWebImagePrefetcher.h; sourceTree = "<group>"; };
		485302BD1C3F6490004361A7 /* SDWebImagePrefetcher.m */ = {isa = PBXFileReference; fileEncoding = 4; lastKnownFileType = sourcecode.c.objc; path = SDWebImagePrefetcher.m; sourceTree = "<group>"; };
		485302BE1C3F6490004361A7 /* UIButton+WebCache.h */ = {isa = PBXFileReference; fileEncoding = 4; lastKnownFileType = sourcecode.c.h; path = "UIButton+WebCache.h"; sourceTree = "<group>"; };
		485302BF1C3F6490004361A7 /* UIButton+WebCache.m */ = {isa = PBXFileReference; fileEncoding = 4; lastKnownFileType = sourcecode.c.objc; path = "UIButton+WebCache.m"; sourceTree = "<group>"; };
		485302C01C3F6490004361A7 /* UIImage+GIF.h */ = {isa = PBXFileReference; fileEncoding = 4; lastKnownFileType = sourcecode.c.h; path = "UIImage+GIF.h"; sourceTree = "<group>"; };
		485302C11C3F6490004361A7 /* UIImage+GIF.m */ = {isa = PBXFileReference; fileEncoding = 4; lastKnownFileType = sourcecode.c.objc; path = "UIImage+GIF.m"; sourceTree = "<group>"; };
		485302C21C3F6490004361A7 /* UIImage+MultiFormat.h */ = {isa = PBXFileReference; fileEncoding = 4; lastKnownFileType = sourcecode.c.h; path = "UIImage+MultiFormat.h"; sourceTree = "<group>"; };
		485302C31C3F6490004361A7 /* UIImage+MultiFormat.m */ = {isa = PBXFileReference; fileEncoding = 4; lastKnownFileType = sourcecode.c.objc; path = "UIImage+MultiFormat.m"; sourceTree = "<group>"; };
		485302C41C3F6490004361A7 /* UIImage+WebP.h */ = {isa = PBXFileReference; fileEncoding = 4; lastKnownFileType = sourcecode.c.h; path = "UIImage+WebP.h"; sourceTree = "<group>"; };
		485302C51C3F6490004361A7 /* UIImage+WebP.m */ = {isa = PBXFileReference; fileEncoding = 4; lastKnownFileType = sourcecode.c.objc; path = "UIImage+WebP.m"; sourceTree = "<group>"; };
		485302C61C3F6490004361A7 /* UIImageView+HighlightedWebCache.h */ = {isa = PBXFileReference; fileEncoding = 4; lastKnownFileType = sourcecode.c.h; path = "UIImageView+HighlightedWebCache.h"; sourceTree = "<group>"; };
		485302C71C3F6490004361A7 /* UIImageView+HighlightedWebCache.m */ = {isa = PBXFileReference; fileEncoding = 4; lastKnownFileType = sourcecode.c.objc; path = "UIImageView+HighlightedWebCache.m"; sourceTree = "<group>"; };
		485302C81C3F6490004361A7 /* UIImageView+WebCache.h */ = {isa = PBXFileReference; fileEncoding = 4; lastKnownFileType = sourcecode.c.h; path = "UIImageView+WebCache.h"; sourceTree = "<group>"; };
		485302C91C3F6490004361A7 /* UIImageView+WebCache.m */ = {isa = PBXFileReference; fileEncoding = 4; lastKnownFileType = sourcecode.c.objc; path = "UIImageView+WebCache.m"; sourceTree = "<group>"; };
		485302CA1C3F6490004361A7 /* UIView+WebCacheOperation.h */ = {isa = PBXFileReference; fileEncoding = 4; lastKnownFileType = sourcecode.c.h; path = "UIView+WebCacheOperation.h"; sourceTree = "<group>"; };
		485302CB1C3F6490004361A7 /* UIView+WebCacheOperation.m */ = {isa = PBXFileReference; fileEncoding = 4; lastKnownFileType = sourcecode.c.objc; path = "UIView+WebCacheOperation.m"; sourceTree = "<group>"; };
		485302E61C3F65EE004361A7 /* TAAbstractDotView.h */ = {isa = PBXFileReference; fileEncoding = 4; lastKnownFileType = sourcecode.c.h; path = TAAbstractDotView.h; sourceTree = "<group>"; };
		485302E71C3F65EE004361A7 /* TAAbstractDotView.m */ = {isa = PBXFileReference; fileEncoding = 4; lastKnownFileType = sourcecode.c.objc; path = TAAbstractDotView.m; sourceTree = "<group>"; };
		485302E81C3F65EE004361A7 /* TAAnimatedDotView.h */ = {isa = PBXFileReference; fileEncoding = 4; lastKnownFileType = sourcecode.c.h; path = TAAnimatedDotView.h; sourceTree = "<group>"; };
		485302E91C3F65EE004361A7 /* TAAnimatedDotView.m */ = {isa = PBXFileReference; fileEncoding = 4; lastKnownFileType = sourcecode.c.objc; path = TAAnimatedDotView.m; sourceTree = "<group>"; };
		485302EA1C3F65EE004361A7 /* TADotView.h */ = {isa = PBXFileReference; fileEncoding = 4; lastKnownFileType = sourcecode.c.h; path = TADotView.h; sourceTree = "<group>"; };
		485302EB1C3F65EE004361A7 /* TADotView.m */ = {isa = PBXFileReference; fileEncoding = 4; lastKnownFileType = sourcecode.c.objc; path = TADotView.m; sourceTree = "<group>"; };
		485302EC1C3F65EE004361A7 /* TAPageControl.h */ = {isa = PBXFileReference; fileEncoding = 4; lastKnownFileType = sourcecode.c.h; path = TAPageControl.h; sourceTree = "<group>"; };
		485302ED1C3F65EE004361A7 /* TAPageControl.m */ = {isa = PBXFileReference; fileEncoding = 4; lastKnownFileType = sourcecode.c.objc; path = TAPageControl.m; sourceTree = "<group>"; };
		485302EE1C3F65EE004361A7 /* SDCollectionViewCell.h */ = {isa = PBXFileReference; fileEncoding = 4; lastKnownFileType = sourcecode.c.h; path = SDCollectionViewCell.h; sourceTree = "<group>"; };
		485302EF1C3F65EE004361A7 /* SDCollectionViewCell.m */ = {isa = PBXFileReference; fileEncoding = 4; lastKnownFileType = sourcecode.c.objc; path = SDCollectionViewCell.m; sourceTree = "<group>"; };
		485302F01C3F65EE004361A7 /* SDCycleScrollView.h */ = {isa = PBXFileReference; fileEncoding = 4; lastKnownFileType = sourcecode.c.h; path = SDCycleScrollView.h; sourceTree = "<group>"; };
		485302F11C3F65EE004361A7 /* SDCycleScrollView.m */ = {isa = PBXFileReference; fileEncoding = 4; lastKnownFileType = sourcecode.c.objc; path = SDCycleScrollView.m; sourceTree = "<group>"; };
		485302F21C3F65EE004361A7 /* UIView+SDExtension.h */ = {isa = PBXFileReference; fileEncoding = 4; lastKnownFileType = sourcecode.c.h; path = "UIView+SDExtension.h"; sourceTree = "<group>"; };
		485302F31C3F65EE004361A7 /* UIView+SDExtension.m */ = {isa = PBXFileReference; fileEncoding = 4; lastKnownFileType = sourcecode.c.objc; path = "UIView+SDExtension.m"; sourceTree = "<group>"; };
		485303041C3F977A004361A7 /* DemoVC0.h */ = {isa = PBXFileReference; fileEncoding = 4; lastKnownFileType = sourcecode.c.h; path = DemoVC0.h; sourceTree = "<group>"; };
		485303051C3F977A004361A7 /* DemoVC0.m */ = {isa = PBXFileReference; fileEncoding = 4; lastKnownFileType = sourcecode.c.objc; path = DemoVC0.m; sourceTree = "<group>"; };
		485303071C3F977A004361A7 /* DemoVC1.h */ = {isa = PBXFileReference; fileEncoding = 4; lastKnownFileType = sourcecode.c.h; path = DemoVC1.h; sourceTree = "<group>"; };
		485303081C3F977A004361A7 /* DemoVC1.m */ = {isa = PBXFileReference; fileEncoding = 4; lastKnownFileType = sourcecode.c.objc; path = DemoVC1.m; sourceTree = "<group>"; };
		4853030A1C3F977A004361A7 /* DemoVC2.h */ = {isa = PBXFileReference; fileEncoding = 4; lastKnownFileType = sourcecode.c.h; path = DemoVC2.h; sourceTree = "<group>"; };
		4853030B1C3F977A004361A7 /* DemoVC2.m */ = {isa = PBXFileReference; fileEncoding = 4; lastKnownFileType = sourcecode.c.objc; path = DemoVC2.m; sourceTree = "<group>"; };
		4853030D1C3F977A004361A7 /* DemoVC3.h */ = {isa = PBXFileReference; fileEncoding = 4; lastKnownFileType = sourcecode.c.h; path = DemoVC3.h; sourceTree = "<group>"; };
		4853030E1C3F977A004361A7 /* DemoVC3.m */ = {isa = PBXFileReference; fileEncoding = 4; lastKnownFileType = sourcecode.c.objc; path = DemoVC3.m; sourceTree = "<group>"; };
		4853030F1C3F977A004361A7 /* TestCell2.h */ = {isa = PBXFileReference; fileEncoding = 4; lastKnownFileType = sourcecode.c.h; path = TestCell2.h; sourceTree = "<group>"; };
		485303101C3F977A004361A7 /* TestCell2.m */ = {isa = PBXFileReference; fileEncoding = 4; lastKnownFileType = sourcecode.c.objc; path = TestCell2.m; sourceTree = "<group>"; };
		485303121C3F977A004361A7 /* DemoVC4.h */ = {isa = PBXFileReference; fileEncoding = 4; lastKnownFileType = sourcecode.c.h; path = DemoVC4.h; sourceTree = "<group>"; };
		485303131C3F977A004361A7 /* DemoVC4.m */ = {isa = PBXFileReference; fileEncoding = 4; lastKnownFileType = sourcecode.c.objc; path = DemoVC4.m; sourceTree = "<group>"; };
		485303151C3F977A004361A7 /* DemoVC5.h */ = {isa = PBXFileReference; fileEncoding = 4; lastKnownFileType = sourcecode.c.h; path = DemoVC5.h; sourceTree = "<group>"; };
		485303161C3F977A004361A7 /* DemoVC5.m */ = {isa = PBXFileReference; fileEncoding = 4; lastKnownFileType = sourcecode.c.objc; path = DemoVC5.m; sourceTree = "<group>"; };
		485303171C3F977A004361A7 /* DemoVC5CellTableViewCell.h */ = {isa = PBXFileReference; fileEncoding = 4; lastKnownFileType = sourcecode.c.h; path = DemoVC5CellTableViewCell.h; sourceTree = "<group>"; };
		485303181C3F977A004361A7 /* DemoVC5CellTableViewCell.m */ = {isa = PBXFileReference; fileEncoding = 4; lastKnownFileType = sourcecode.c.objc; path = DemoVC5CellTableViewCell.m; sourceTree = "<group>"; };
		485303191C3F977A004361A7 /* DemoVC5Model.h */ = {isa = PBXFileReference; fileEncoding = 4; lastKnownFileType = sourcecode.c.h; path = DemoVC5Model.h; sourceTree = "<group>"; };
		4853031A1C3F977A004361A7 /* DemoVC5Model.m */ = {isa = PBXFileReference; fileEncoding = 4; lastKnownFileType = sourcecode.c.objc; path = DemoVC5Model.m; sourceTree = "<group>"; };
		4853031C1C3F977A004361A7 /* DemoVC6.h */ = {isa = PBXFileReference; fileEncoding = 4; lastKnownFileType = sourcecode.c.h; path = DemoVC6.h; sourceTree = "<group>"; };
		4853031D1C3F977A004361A7 /* DemoVC6.m */ = {isa = PBXFileReference; fileEncoding = 4; lastKnownFileType = sourcecode.c.objc; path = DemoVC6.m; sourceTree = "<group>"; };
		4853031F1C3F977A004361A7 /* DemoVC7.h */ = {isa = PBXFileReference; fileEncoding = 4; lastKnownFileType = sourcecode.c.h; path = DemoVC7.h; sourceTree = "<group>"; };
		485303201C3F977A004361A7 /* DemoVC7.m */ = {isa = PBXFileReference; fileEncoding = 4; lastKnownFileType = sourcecode.c.objc; path = DemoVC7.m; sourceTree = "<group>"; };
		485303211C3F977A004361A7 /* DemoVC7Cell.h */ = {isa = PBXFileReference; fileEncoding = 4; lastKnownFileType = sourcecode.c.h; path = DemoVC7Cell.h; sourceTree = "<group>"; };
		485303221C3F977A004361A7 /* DemoVC7Cell.m */ = {isa = PBXFileReference; fileEncoding = 4; lastKnownFileType = sourcecode.c.objc; path = DemoVC7Cell.m; sourceTree = "<group>"; };
		485303231C3F977A004361A7 /* DemoVC7Cell2.h */ = {isa = PBXFileReference; fileEncoding = 4; lastKnownFileType = sourcecode.c.h; path = DemoVC7Cell2.h; sourceTree = "<group>"; };
		485303241C3F977A004361A7 /* DemoVC7Cell2.m */ = {isa = PBXFileReference; fileEncoding = 4; lastKnownFileType = sourcecode.c.objc; path = DemoVC7Cell2.m; sourceTree = "<group>"; };
		485303251C3F977A004361A7 /* DemoVC7Model.h */ = {isa = PBXFileReference; fileEncoding = 4; lastKnownFileType = sourcecode.c.h; path = DemoVC7Model.h; sourceTree = "<group>"; };
		485303261C3F977A004361A7 /* DemoVC7Model.m */ = {isa = PBXFileReference; fileEncoding = 4; lastKnownFileType = sourcecode.c.objc; path = DemoVC7Model.m; sourceTree = "<group>"; };
		485303281C3F977A004361A7 /* DemoVC8.h */ = {isa = PBXFileReference; fileEncoding = 4; lastKnownFileType = sourcecode.c.h; path = DemoVC8.h; sourceTree = "<group>"; };
		485303291C3F977A004361A7 /* DemoVC8.m */ = {isa = PBXFileReference; fileEncoding = 4; lastKnownFileType = sourcecode.c.objc; path = DemoVC8.m; sourceTree = "<group>"; };
		4853032B1C3F977A004361A7 /* Demo9Model.h */ = {isa = PBXFileReference; fileEncoding = 4; lastKnownFileType = sourcecode.c.h; path = Demo9Model.h; sourceTree = "<group>"; };
		4853032C1C3F977A004361A7 /* Demo9Model.m */ = {isa = PBXFileReference; fileEncoding = 4; lastKnownFileType = sourcecode.c.objc; path = Demo9Model.m; sourceTree = "<group>"; };
		4853032D1C3F977A004361A7 /* DemoVC9.h */ = {isa = PBXFileReference; fileEncoding = 4; lastKnownFileType = sourcecode.c.h; path = DemoVC9.h; sourceTree = "<group>"; };
		4853032E1C3F977A004361A7 /* DemoVC9.m */ = {isa = PBXFileReference; fileEncoding = 4; lastKnownFileType = sourcecode.c.objc; path = DemoVC9.m; sourceTree = "<group>"; };
		4853032F1C3F977A004361A7 /* DemoVC9Cell.h */ = {isa = PBXFileReference; fileEncoding = 4; lastKnownFileType = sourcecode.c.h; path = DemoVC9Cell.h; sourceTree = "<group>"; };
		485303301C3F977A004361A7 /* DemoVC9Cell.m */ = {isa = PBXFileReference; fileEncoding = 4; lastKnownFileType = sourcecode.c.objc; path = DemoVC9Cell.m; sourceTree = "<group>"; };
		485303311C3F977A004361A7 /* DemoVC9HeaderView.h */ = {isa = PBXFileReference; fileEncoding = 4; lastKnownFileType = sourcecode.c.h; path = DemoVC9HeaderView.h; sourceTree = "<group>"; };
		485303321C3F977A004361A7 /* DemoVC9HeaderView.m */ = {isa = PBXFileReference; fileEncoding = 4; lastKnownFileType = sourcecode.c.objc; path = DemoVC9HeaderView.m; sourceTree = "<group>"; };
		485303331C3F977A004361A7 /* SDWeiXinPhotoContainerView.h */ = {isa = PBXFileReference; fileEncoding = 4; lastKnownFileType = sourcecode.c.h; path = SDWeiXinPhotoContainerView.h; sourceTree = "<group>"; };
		485303341C3F977A004361A7 /* SDWeiXinPhotoContainerView.m */ = {isa = PBXFileReference; fileEncoding = 4; lastKnownFileType = sourcecode.c.objc; path = SDWeiXinPhotoContainerView.m; sourceTree = "<group>"; };
		4853034A1C3F97AA004361A7 /* AppDelegate.h */ = {isa = PBXFileReference; fileEncoding = 4; lastKnownFileType = sourcecode.c.h; path = AppDelegate.h; sourceTree = "<group>"; };
		4853034B1C3F97AA004361A7 /* AppDelegate.m */ = {isa = PBXFileReference; fileEncoding = 4; lastKnownFileType = sourcecode.c.objc; path = AppDelegate.m; sourceTree = "<group>"; };
		4853034C1C3F97AA004361A7 /* DemoTableViewControler.h */ = {isa = PBXFileReference; fileEncoding = 4; lastKnownFileType = sourcecode.c.h; path = DemoTableViewControler.h; sourceTree = "<group>"; };
		4853034D1C3F97AA004361A7 /* DemoTableViewControler.m */ = {isa = PBXFileReference; fileEncoding = 4; lastKnownFileType = sourcecode.c.objc; path = DemoTableViewControler.m; sourceTree = "<group>"; };
		4853034E1C3F97AA004361A7 /* ViewController.h */ = {isa = PBXFileReference; fileEncoding = 4; lastKnownFileType = sourcecode.c.h; path = ViewController.h; sourceTree = "<group>"; };
		4853034F1C3F97AA004361A7 /* ViewController.m */ = {isa = PBXFileReference; fileEncoding = 4; lastKnownFileType = sourcecode.c.objc; path = ViewController.m; sourceTree = "<group>"; };
		485303531C3F97E6004361A7 /* DemoCell.h */ = {isa = PBXFileReference; fileEncoding = 4; lastKnownFileType = sourcecode.c.h; path = DemoCell.h; sourceTree = "<group>"; };
		485303541C3F97E6004361A7 /* DemoCell.m */ = {isa = PBXFileReference; fileEncoding = 4; lastKnownFileType = sourcecode.c.objc; path = DemoCell.m; sourceTree = "<group>"; };
		487D3EB11BCB9EC700A66173 /* SDAutoLayoutDemo.app */ = {isa = PBXFileReference; explicitFileType = wrapper.application; includeInIndex = 0; path = SDAutoLayoutDemo.app; sourceTree = BUILT_PRODUCTS_DIR; };
		487D3EB51BCB9EC700A66173 /* Info.plist */ = {isa = PBXFileReference; lastKnownFileType = text.plist.xml; path = Info.plist; sourceTree = "<group>"; };
		487D3EB61BCB9EC700A66173 /* main.m */ = {isa = PBXFileReference; lastKnownFileType = sourcecode.c.objc; path = main.m; sourceTree = "<group>"; };
		487D3EBF1BCB9EC700A66173 /* Base */ = {isa = PBXFileReference; lastKnownFileType = file.storyboard; name = Base; path = Base.lproj/Main.storyboard; sourceTree = "<group>"; };
		487D3EC11BCB9EC700A66173 /* Images.xcassets */ = {isa = PBXFileReference; lastKnownFileType = folder.assetcatalog; path = Images.xcassets; sourceTree = "<group>"; };
		487D3EC41BCB9EC700A66173 /* Base */ = {isa = PBXFileReference; lastKnownFileType = file.xib; name = Base; path = Base.lproj/LaunchScreen.xib; sourceTree = "<group>"; };
		487D3ECA1BCB9EC700A66173 /* SDAutoLayoutDemo.xctest */ = {isa = PBXFileReference; explicitFileType = wrapper.cfbundle; includeInIndex = 0; path = SDAutoLayoutDemo.xctest; sourceTree = BUILT_PRODUCTS_DIR; };
		487D3ECF1BCB9EC700A66173 /* Info.plist */ = {isa = PBXFileReference; lastKnownFileType = text.plist.xml; path = Info.plist; sourceTree = "<group>"; };
		487D3ED01BCB9EC700A66173 /* SDAutoLayoutDemoTests.m */ = {isa = PBXFileReference; lastKnownFileType = sourcecode.c.objc; path = SDAutoLayoutDemoTests.m; sourceTree = "<group>"; };
		48DBCD101C01E045002EC476 /* icon0.jpg */ = {isa = PBXFileReference; lastKnownFileType = image.jpeg; path = icon0.jpg; sourceTree = "<group>"; };
		48DBCD111C01E045002EC476 /* icon1.jpg */ = {isa = PBXFileReference; lastKnownFileType = image.jpeg; path = icon1.jpg; sourceTree = "<group>"; };
		48DBCD121C01E045002EC476 /* icon2.jpg */ = {isa = PBXFileReference; lastKnownFileType = image.jpeg; path = icon2.jpg; sourceTree = "<group>"; };
		48DBCD131C01E045002EC476 /* icon3.jpg */ = {isa = PBXFileReference; lastKnownFileType = image.jpeg; path = icon3.jpg; sourceTree = "<group>"; };
		48DBCD141C01E045002EC476 /* icon4.jpg */ = {isa = PBXFileReference; lastKnownFileType = image.jpeg; path = icon4.jpg; sourceTree = "<group>"; };
		48DBCD151C01E045002EC476 /* pic0.jpg */ = {isa = PBXFileReference; lastKnownFileType = image.jpeg; path = pic0.jpg; sourceTree = "<group>"; };
		48DBCD161C01E045002EC476 /* pic1.jpg */ = {isa = PBXFileReference; lastKnownFileType = image.jpeg; path = pic1.jpg; sourceTree = "<group>"; };
		48DBCD171C01E045002EC476 /* pic2.jpg */ = {isa = PBXFileReference; lastKnownFileType = image.jpeg; path = pic2.jpg; sourceTree = "<group>"; };
		48DBCD181C01E045002EC476 /* pic3.jpg */ = {isa = PBXFileReference; lastKnownFileType = image.jpeg; path = pic3.jpg; sourceTree = "<group>"; };
		48DBCD191C01E045002EC476 /* pic4.jpg */ = {isa = PBXFileReference; lastKnownFileType = image.jpeg; path = pic4.jpg; sourceTree = "<group>"; };
		99A697701C423B0D004EA699 /* UITableView+SDAutoTableViewCellHeight.h */ = {isa = PBXFileReference; fileEncoding = 4; lastKnownFileType = sourcecode.c.h; path = "UITableView+SDAutoTableViewCellHeight.h"; sourceTree = "<group>"; };
		99A697711C423B0D004EA699 /* UITableView+SDAutoTableViewCellHeight.m */ = {isa = PBXFileReference; fileEncoding = 4; lastKnownFileType = sourcecode.c.objc; path = "UITableView+SDAutoTableViewCellHeight.m"; sourceTree = "<group>"; };
		99A697721C423B0D004EA699 /* UIView+SDAutoLayout.h */ = {isa = PBXFileReference; fileEncoding = 4; lastKnownFileType = sourcecode.c.h; path = "UIView+SDAutoLayout.h"; sourceTree = "<group>"; };
		99A697731C423B0D004EA699 /* UIView+SDAutoLayout.m */ = {isa = PBXFileReference; fileEncoding = 4; lastKnownFileType = sourcecode.c.objc; path = "UIView+SDAutoLayout.m"; sourceTree = "<group>"; };
/* End PBXFileReference section */

/* Begin PBXFrameworksBuildPhase section */
		487D3EAE1BCB9EC700A66173 /* Frameworks */ = {
			isa = PBXFrameworksBuildPhase;
			buildActionMask = 2147483647;
			files = (
			);
			runOnlyForDeploymentPostprocessing = 0;
		};
		487D3EC71BCB9EC700A66173 /* Frameworks */ = {
			isa = PBXFrameworksBuildPhase;
			buildActionMask = 2147483647;
			files = (
			);
			runOnlyForDeploymentPostprocessing = 0;
		};
/* End PBXFrameworksBuildPhase section */

/* Begin PBXGroup section */
		485302961C3F648F004361A7 /* Vender */ = {
			isa = PBXGroup;
			children = (
				485302E41C3F65EE004361A7 /* SDCycleScrollView */,
				485302971C3F648F004361A7 /* SDPhotoBrowser */,
				4853029F1C3F6490004361A7 /* SDRefeshView */,
				485302AA1C3F6490004361A7 /* SDWebImage */,
			);
			path = Vender;
			sourceTree = "<group>";
		};
		485302971C3F648F004361A7 /* SDPhotoBrowser */ = {
			isa = PBXGroup;
			children = (
				485302981C3F648F004361A7 /* SDBrowserImageView.h */,
				485302991C3F6490004361A7 /* SDBrowserImageView.m */,
				4853029A1C3F6490004361A7 /* SDPhotoBrowser.h */,
				4853029B1C3F6490004361A7 /* SDPhotoBrowser.m */,
				4853029C1C3F6490004361A7 /* SDPhotoBrowserConfig.h */,
				4853029D1C3F6490004361A7 /* SDWaitingView.h */,
				4853029E1C3F6490004361A7 /* SDWaitingView.m */,
			);
			path = SDPhotoBrowser;
			sourceTree = "<group>";
		};
		4853029F1C3F6490004361A7 /* SDRefeshView */ = {
			isa = PBXGroup;
			children = (
				485302A01C3F6490004361A7 /* sdRefeshView_arrow@2x.png */,
				485302A11C3F6490004361A7 /* SDRefresh.h */,
				485302A21C3F6490004361A7 /* SDRefreshFooterView.h */,
				485302A31C3F6490004361A7 /* SDRefreshFooterView.m */,
				485302A41C3F6490004361A7 /* SDRefreshHeaderView.h */,
				485302A51C3F6490004361A7 /* SDRefreshHeaderView.m */,
				485302A61C3F6490004361A7 /* SDRefreshView.h */,
				485302A71C3F6490004361A7 /* SDRefreshView.m */,
				485302A81C3F6490004361A7 /* UIView+SDExtension.h */,
				485302A91C3F6490004361A7 /* UIView+SDExtension.m */,
			);
			path = SDRefeshView;
			sourceTree = "<group>";
		};
		485302AA1C3F6490004361A7 /* SDWebImage */ = {
			isa = PBXGroup;
			children = (
				485302AB1C3F6490004361A7 /* MKAnnotationView+WebCache.h */,
				485302AC1C3F6490004361A7 /* MKAnnotationView+WebCache.m */,
				485302AD1C3F6490004361A7 /* NSData+ImageContentType.h */,
				485302AE1C3F6490004361A7 /* NSData+ImageContentType.m */,
				485302AF1C3F6490004361A7 /* SDImageCache.h */,
				485302B01C3F6490004361A7 /* SDImageCache.m */,
				485302B11C3F6490004361A7 /* SDWebImageCompat.h */,
				485302B21C3F6490004361A7 /* SDWebImageCompat.m */,
				485302B31C3F6490004361A7 /* SDWebImageDecoder.h */,
				485302B41C3F6490004361A7 /* SDWebImageDecoder.m */,
				485302B51C3F6490004361A7 /* SDWebImageDownloader.h */,
				485302B61C3F6490004361A7 /* SDWebImageDownloader.m */,
				485302B71C3F6490004361A7 /* SDWebImageDownloaderOperation.h */,
				485302B81C3F6490004361A7 /* SDWebImageDownloaderOperation.m */,
				485302B91C3F6490004361A7 /* SDWebImageManager.h */,
				485302BA1C3F6490004361A7 /* SDWebImageManager.m */,
				485302BB1C3F6490004361A7 /* SDWebImageOperation.h */,
				485302BC1C3F6490004361A7 /* SDWebImagePrefetcher.h */,
				485302BD1C3F6490004361A7 /* SDWebImagePrefetcher.m */,
				485302BE1C3F6490004361A7 /* UIButton+WebCache.h */,
				485302BF1C3F6490004361A7 /* UIButton+WebCache.m */,
				485302C01C3F6490004361A7 /* UIImage+GIF.h */,
				485302C11C3F6490004361A7 /* UIImage+GIF.m */,
				485302C21C3F6490004361A7 /* UIImage+MultiFormat.h */,
				485302C31C3F6490004361A7 /* UIImage+MultiFormat.m */,
				485302C41C3F6490004361A7 /* UIImage+WebP.h */,
				485302C51C3F6490004361A7 /* UIImage+WebP.m */,
				485302C61C3F6490004361A7 /* UIImageView+HighlightedWebCache.h */,
				485302C71C3F6490004361A7 /* UIImageView+HighlightedWebCache.m */,
				485302C81C3F6490004361A7 /* UIImageView+WebCache.h */,
				485302C91C3F6490004361A7 /* UIImageView+WebCache.m */,
				485302CA1C3F6490004361A7 /* UIView+WebCacheOperation.h */,
				485302CB1C3F6490004361A7 /* UIView+WebCacheOperation.m */,
			);
			path = SDWebImage;
			sourceTree = "<group>";
		};
		485302E41C3F65EE004361A7 /* SDCycleScrollView */ = {
			isa = PBXGroup;
			children = (
				485302E51C3F65EE004361A7 /* PageControl */,
				485302EE1C3F65EE004361A7 /* SDCollectionViewCell.h */,
				485302EF1C3F65EE004361A7 /* SDCollectionViewCell.m */,
				485302F01C3F65EE004361A7 /* SDCycleScrollView.h */,
				485302F11C3F65EE004361A7 /* SDCycleScrollView.m */,
				485302F21C3F65EE004361A7 /* UIView+SDExtension.h */,
				485302F31C3F65EE004361A7 /* UIView+SDExtension.m */,
			);
			path = SDCycleScrollView;
			sourceTree = "<group>";
		};
		485302E51C3F65EE004361A7 /* PageControl */ = {
			isa = PBXGroup;
			children = (
				485302E61C3F65EE004361A7 /* TAAbstractDotView.h */,
				485302E71C3F65EE004361A7 /* TAAbstractDotView.m */,
				485302E81C3F65EE004361A7 /* TAAnimatedDotView.h */,
				485302E91C3F65EE004361A7 /* TAAnimatedDotView.m */,
				485302EA1C3F65EE004361A7 /* TADotView.h */,
				485302EB1C3F65EE004361A7 /* TADotView.m */,
				485302EC1C3F65EE004361A7 /* TAPageControl.h */,
				485302ED1C3F65EE004361A7 /* TAPageControl.m */,
			);
			path = PageControl;
			sourceTree = "<group>";
		};
		485303021C3F977A004361A7 /* DemoVC */ = {
			isa = PBXGroup;
			children = (
				485303031C3F977A004361A7 /* DemoVC0 */,
				485303061C3F977A004361A7 /* DemoVC1 */,
				485303091C3F977A004361A7 /* DemoVC2 */,
				4853030C1C3F977A004361A7 /* DemoVC3 */,
				485303111C3F977A004361A7 /* DemoVC4 */,
				485303141C3F977A004361A7 /* DemoVC5 */,
				4853031B1C3F977A004361A7 /* DemoVC6 */,
				4853031E1C3F977A004361A7 /* DemoVC7 */,
				485303271C3F977A004361A7 /* DemoVC8 */,
				4853032A1C3F977A004361A7 /* DemoVC9 */,
			);
			path = DemoVC;
			sourceTree = "<group>";
		};
		485303031C3F977A004361A7 /* DemoVC0 */ = {
			isa = PBXGroup;
			children = (
				485303041C3F977A004361A7 /* DemoVC0.h */,
				485303051C3F977A004361A7 /* DemoVC0.m */,
			);
			path = DemoVC0;
			sourceTree = "<group>";
		};
		485303061C3F977A004361A7 /* DemoVC1 */ = {
			isa = PBXGroup;
			children = (
				485303071C3F977A004361A7 /* DemoVC1.h */,
				485303081C3F977A004361A7 /* DemoVC1.m */,
			);
			path = DemoVC1;
			sourceTree = "<group>";
		};
		485303091C3F977A004361A7 /* DemoVC2 */ = {
			isa = PBXGroup;
			children = (
				4853030A1C3F977A004361A7 /* DemoVC2.h */,
				4853030B1C3F977A004361A7 /* DemoVC2.m */,
			);
			path = DemoVC2;
			sourceTree = "<group>";
		};
		4853030C1C3F977A004361A7 /* DemoVC3 */ = {
			isa = PBXGroup;
			children = (
				4853030D1C3F977A004361A7 /* DemoVC3.h */,
				4853030E1C3F977A004361A7 /* DemoVC3.m */,
				4853030F1C3F977A004361A7 /* TestCell2.h */,
				485303101C3F977A004361A7 /* TestCell2.m */,
			);
			path = DemoVC3;
			sourceTree = "<group>";
		};
		485303111C3F977A004361A7 /* DemoVC4 */ = {
			isa = PBXGroup;
			children = (
				485303121C3F977A004361A7 /* DemoVC4.h */,
				485303131C3F977A004361A7 /* DemoVC4.m */,
			);
			path = DemoVC4;
			sourceTree = "<group>";
		};
		485303141C3F977A004361A7 /* DemoVC5 */ = {
			isa = PBXGroup;
			children = (
				485303151C3F977A004361A7 /* DemoVC5.h */,
				485303161C3F977A004361A7 /* DemoVC5.m */,
				485303171C3F977A004361A7 /* DemoVC5CellTableViewCell.h */,
				485303181C3F977A004361A7 /* DemoVC5CellTableViewCell.m */,
				485303191C3F977A004361A7 /* DemoVC5Model.h */,
				4853031A1C3F977A004361A7 /* DemoVC5Model.m */,
			);
			path = DemoVC5;
			sourceTree = "<group>";
		};
		4853031B1C3F977A004361A7 /* DemoVC6 */ = {
			isa = PBXGroup;
			children = (
				4853031C1C3F977A004361A7 /* DemoVC6.h */,
				4853031D1C3F977A004361A7 /* DemoVC6.m */,
			);
			path = DemoVC6;
			sourceTree = "<group>";
		};
		4853031E1C3F977A004361A7 /* DemoVC7 */ = {
			isa = PBXGroup;
			children = (
				4853031F1C3F977A004361A7 /* DemoVC7.h */,
				485303201C3F977A004361A7 /* DemoVC7.m */,
				485303211C3F977A004361A7 /* DemoVC7Cell.h */,
				485303221C3F977A004361A7 /* DemoVC7Cell.m */,
				485303231C3F977A004361A7 /* DemoVC7Cell2.h */,
				485303241C3F977A004361A7 /* DemoVC7Cell2.m */,
				485303251C3F977A004361A7 /* DemoVC7Model.h */,
				485303261C3F977A004361A7 /* DemoVC7Model.m */,
			);
			path = DemoVC7;
			sourceTree = "<group>";
		};
		485303271C3F977A004361A7 /* DemoVC8 */ = {
			isa = PBXGroup;
			children = (
				485303281C3F977A004361A7 /* DemoVC8.h */,
				485303291C3F977A004361A7 /* DemoVC8.m */,
			);
			path = DemoVC8;
			sourceTree = "<group>";
		};
		4853032A1C3F977A004361A7 /* DemoVC9 */ = {
			isa = PBXGroup;
			children = (
				4853032B1C3F977A004361A7 /* Demo9Model.h */,
				4853032C1C3F977A004361A7 /* Demo9Model.m */,
				4853032D1C3F977A004361A7 /* DemoVC9.h */,
				4853032E1C3F977A004361A7 /* DemoVC9.m */,
				4853032F1C3F977A004361A7 /* DemoVC9Cell.h */,
				485303301C3F977A004361A7 /* DemoVC9Cell.m */,
				485303311C3F977A004361A7 /* DemoVC9HeaderView.h */,
				485303321C3F977A004361A7 /* DemoVC9HeaderView.m */,
				485303331C3F977A004361A7 /* SDWeiXinPhotoContainerView.h */,
				485303341C3F977A004361A7 /* SDWeiXinPhotoContainerView.m */,
			);
			path = DemoVC9;
			sourceTree = "<group>";
		};
		485303491C3F97AA004361A7 /* Others */ = {
			isa = PBXGroup;
			children = (
				4853034A1C3F97AA004361A7 /* AppDelegate.h */,
				4853034B1C3F97AA004361A7 /* AppDelegate.m */,
				4853034C1C3F97AA004361A7 /* DemoTableViewControler.h */,
				4853034D1C3F97AA004361A7 /* DemoTableViewControler.m */,
				4853034E1C3F97AA004361A7 /* ViewController.h */,
				4853034F1C3F97AA004361A7 /* ViewController.m */,
				485303531C3F97E6004361A7 /* DemoCell.h */,
				485303541C3F97E6004361A7 /* DemoCell.m */,
			);
			path = Others;
			sourceTree = "<group>";
		};
		487D3EA81BCB9EC700A66173 = {
			isa = PBXGroup;
			children = (
				487D3EB31BCB9EC700A66173 /* SDAutoLayoutDemo */,
				487D3ECD1BCB9EC700A66173 /* SDAutoLayoutDemoTests */,
				487D3EB21BCB9EC700A66173 /* Products */,
			);
			sourceTree = "<group>";
		};
		487D3EB21BCB9EC700A66173 /* Products */ = {
			isa = PBXGroup;
			children = (
				487D3EB11BCB9EC700A66173 /* SDAutoLayoutDemo.app */,
				487D3ECA1BCB9EC700A66173 /* SDAutoLayoutDemo.xctest */,
			);
			name = Products;
			sourceTree = "<group>";
		};
		487D3EB31BCB9EC700A66173 /* SDAutoLayoutDemo */ = {
			isa = PBXGroup;
			children = (
				99A6976F1C423B0D004EA699 /* SDAutoLayout */,
				485303491C3F97AA004361A7 /* Others */,
				485303021C3F977A004361A7 /* DemoVC */,
				485302961C3F648F004361A7 /* Vender */,
				487D3EBE1BCB9EC700A66173 /* Main.storyboard */,
				487D3EC11BCB9EC700A66173 /* Images.xcassets */,
				487D3EC31BCB9EC700A66173 /* LaunchScreen.xib */,
				487D3EB41BCB9EC700A66173 /* Supporting Files */,
			);
			path = SDAutoLayoutDemo;
			sourceTree = "<group>";
		};
		487D3EB41BCB9EC700A66173 /* Supporting Files */ = {
			isa = PBXGroup;
			children = (
				48DBCD0F1C01DEB1002EC476 /* Images */,
				487D3EB51BCB9EC700A66173 /* Info.plist */,
				487D3EB61BCB9EC700A66173 /* main.m */,
			);
			name = "Supporting Files";
			sourceTree = "<group>";
		};
		487D3ECD1BCB9EC700A66173 /* SDAutoLayoutDemoTests */ = {
			isa = PBXGroup;
			children = (
				487D3ED01BCB9EC700A66173 /* SDAutoLayoutDemoTests.m */,
				487D3ECE1BCB9EC700A66173 /* Supporting Files */,
			);
			path = SDAutoLayoutDemoTests;
			sourceTree = "<group>";
		};
		487D3ECE1BCB9EC700A66173 /* Supporting Files */ = {
			isa = PBXGroup;
			children = (
				487D3ECF1BCB9EC700A66173 /* Info.plist */,
			);
			name = "Supporting Files";
			sourceTree = "<group>";
		};
		48DBCD0F1C01DEB1002EC476 /* Images */ = {
			isa = PBXGroup;
			children = (
				4841F5F01C2ACC2B004979F4 /* pbg.jpg */,
				4841F5F11C2ACC2B004979F4 /* picon.jpg */,
				4841F5E51C2ABC60004979F4 /* pic5.jpg */,
				4841F5E61C2ABC60004979F4 /* pic6.jpg */,
				4841F5E71C2ABC60004979F4 /* pic7.jpg */,
				4841F5E81C2ABC60004979F4 /* pic8.jpg */,
				48DBCD101C01E045002EC476 /* icon0.jpg */,
				48DBCD111C01E045002EC476 /* icon1.jpg */,
				48DBCD121C01E045002EC476 /* icon2.jpg */,
				48DBCD131C01E045002EC476 /* icon3.jpg */,
				48DBCD141C01E045002EC476 /* icon4.jpg */,
				48DBCD151C01E045002EC476 /* pic0.jpg */,
				48DBCD161C01E045002EC476 /* pic1.jpg */,
				48DBCD171C01E045002EC476 /* pic2.jpg */,
				48DBCD181C01E045002EC476 /* pic3.jpg */,
				48DBCD191C01E045002EC476 /* pic4.jpg */,
			);
			path = Images;
			sourceTree = "<group>";
		};
		99A6976F1C423B0D004EA699 /* SDAutoLayout */ = {
			isa = PBXGroup;
			children = (
				99A697701C423B0D004EA699 /* UITableView+SDAutoTableViewCellHeight.h */,
				99A697711C423B0D004EA699 /* UITableView+SDAutoTableViewCellHeight.m */,
				99A697721C423B0D004EA699 /* UIView+SDAutoLayout.h */,
				99A697731C423B0D004EA699 /* UIView+SDAutoLayout.m */,
			);
			path = SDAutoLayout;
			sourceTree = "<group>";
		};
/* End PBXGroup section */

/* Begin PBXNativeTarget section */
		487D3EB01BCB9EC700A66173 /* SDAutoLayoutDemo */ = {
			isa = PBXNativeTarget;
			buildConfigurationList = 487D3ED41BCB9EC700A66173 /* Build configuration list for PBXNativeTarget "SDAutoLayoutDemo" */;
			buildPhases = (
				487D3EAD1BCB9EC700A66173 /* Sources */,
				487D3EAE1BCB9EC700A66173 /* Frameworks */,
				487D3EAF1BCB9EC700A66173 /* Resources */,
			);
			buildRules = (
			);
			dependencies = (
			);
			name = SDAutoLayoutDemo;
			productName = "SDAutoLayout 测试 Demo";
			productReference = 487D3EB11BCB9EC700A66173 /* SDAutoLayoutDemo.app */;
			productType = "com.apple.product-type.application";
		};
		487D3EC91BCB9EC700A66173 /* SDAutoLayoutDemoTests */ = {
			isa = PBXNativeTarget;
			buildConfigurationList = 487D3ED71BCB9EC700A66173 /* Build configuration list for PBXNativeTarget "SDAutoLayoutDemoTests" */;
			buildPhases = (
				487D3EC61BCB9EC700A66173 /* Sources */,
				487D3EC71BCB9EC700A66173 /* Frameworks */,
				487D3EC81BCB9EC700A66173 /* Resources */,
			);
			buildRules = (
			);
			dependencies = (
				487D3ECC1BCB9EC700A66173 /* PBXTargetDependency */,
			);
			name = SDAutoLayoutDemoTests;
			productName = "SDAutoLayout 测试 DemoTests";
			productReference = 487D3ECA1BCB9EC700A66173 /* SDAutoLayoutDemo.xctest */;
			productType = "com.apple.product-type.bundle.unit-test";
		};
/* End PBXNativeTarget section */

/* Begin PBXProject section */
		487D3EA91BCB9EC700A66173 /* Project object */ = {
			isa = PBXProject;
			attributes = {
				LastUpgradeCheck = 0640;
				ORGANIZATIONNAME = gsd;
				TargetAttributes = {
					487D3EB01BCB9EC700A66173 = {
						CreatedOnToolsVersion = 6.4;
						DevelopmentTeam = V4Q779DR3D;
					};
					487D3EC91BCB9EC700A66173 = {
						CreatedOnToolsVersion = 6.4;
						TestTargetID = 487D3EB01BCB9EC700A66173;
					};
				};
			};
			buildConfigurationList = 487D3EAC1BCB9EC700A66173 /* Build configuration list for PBXProject "SDAutoLayoutDemo" */;
			compatibilityVersion = "Xcode 3.2";
			developmentRegion = English;
			hasScannedForEncodings = 0;
			knownRegions = (
				en,
				Base,
			);
			mainGroup = 487D3EA81BCB9EC700A66173;
			productRefGroup = 487D3EB21BCB9EC700A66173 /* Products */;
			projectDirPath = "";
			projectRoot = "";
			targets = (
				487D3EB01BCB9EC700A66173 /* SDAutoLayoutDemo */,
				487D3EC91BCB9EC700A66173 /* SDAutoLayoutDemoTests */,
			);
		};
/* End PBXProject section */

/* Begin PBXResourcesBuildPhase section */
		487D3EAF1BCB9EC700A66173 /* Resources */ = {
			isa = PBXResourcesBuildPhase;
			buildActionMask = 2147483647;
			files = (
				48DBCD1A1C01E045002EC476 /* icon0.jpg in Resources */,
				4841F5E91C2ABC60004979F4 /* pic5.jpg in Resources */,
				4841F5EB1C2ABC60004979F4 /* pic7.jpg in Resources */,
				48DBCD221C01E045002EC476 /* pic3.jpg in Resources */,
				48DBCD211C01E045002EC476 /* pic2.jpg in Resources */,
				48DBCD231C01E045002EC476 /* pic4.jpg in Resources */,
				48DBCD1F1C01E045002EC476 /* pic0.jpg in Resources */,
				485302CF1C3F6490004361A7 /* sdRefeshView_arrow@2x.png in Resources */,
				4841F5F21C2ACC2B004979F4 /* pbg.jpg in Resources */,
				487D3EC01BCB9EC700A66173 /* Main.storyboard in Resources */,
				4841F5F31C2ACC2B004979F4 /* picon.jpg in Resources */,
				48DBCD1B1C01E045002EC476 /* icon1.jpg in Resources */,
				48DBCD201C01E045002EC476 /* pic1.jpg in Resources */,
				4841F5EA1C2ABC60004979F4 /* pic6.jpg in Resources */,
				487D3EC51BCB9EC700A66173 /* LaunchScreen.xib in Resources */,
				48DBCD1D1C01E045002EC476 /* icon3.jpg in Resources */,
				4841F5EC1C2ABC60004979F4 /* pic8.jpg in Resources */,
				487D3EC21BCB9EC700A66173 /* Images.xcassets in Resources */,
				48DBCD1C1C01E045002EC476 /* icon2.jpg in Resources */,
				48DBCD1E1C01E045002EC476 /* icon4.jpg in Resources */,
			);
			runOnlyForDeploymentPostprocessing = 0;
		};
		487D3EC81BCB9EC700A66173 /* Resources */ = {
			isa = PBXResourcesBuildPhase;
			buildActionMask = 2147483647;
			files = (
			);
			runOnlyForDeploymentPostprocessing = 0;
		};
/* End PBXResourcesBuildPhase section */

/* Begin PBXSourcesBuildPhase section */
		487D3EAD1BCB9EC700A66173 /* Sources */ = {
			isa = PBXSourcesBuildPhase;
			buildActionMask = 2147483647;
			files = (
				485303411C3F977A004361A7 /* DemoVC7Cell2.m in Sources */,
				4853033C1C3F977A004361A7 /* DemoVC5CellTableViewCell.m in Sources */,
				485303501C3F97AA004361A7 /* AppDelegate.m in Sources */,
				485302F61C3F65EE004361A7 /* TADotView.m in Sources */,
				485303481C3F977A004361A7 /* SDWeiXinPhotoContainerView.m in Sources */,
				485302DB1C3F6490004361A7 /* SDWebImageManager.m in Sources */,
				485302F51C3F65EE004361A7 /* TAAnimatedDotView.m in Sources */,
				485302FA1C3F65EE004361A7 /* UIView+SDExtension.m in Sources */,
				485302D31C3F6490004361A7 /* UIView+SDExtension.m in Sources */,
				485303431C3F977A004361A7 /* DemoVC8.m in Sources */,
				485303471C3F977A004361A7 /* DemoVC9HeaderView.m in Sources */,
				485303421C3F977A004361A7 /* DemoVC7Model.m in Sources */,
				485302CE1C3F6490004361A7 /* SDWaitingView.m in Sources */,
				485302DF1C3F6490004361A7 /* UIImage+MultiFormat.m in Sources */,
				485302D91C3F6490004361A7 /* SDWebImageDownloader.m in Sources */,
				485303361C3F977A004361A7 /* DemoVC1.m in Sources */,
				485302F71C3F65EE004361A7 /* TAPageControl.m in Sources */,
				485302E01C3F6490004361A7 /* UIImage+WebP.m in Sources */,
				4853033E1C3F977A004361A7 /* DemoVC6.m in Sources */,
				485302D11C3F6490004361A7 /* SDRefreshHeaderView.m in Sources */,
				485302E11C3F6490004361A7 /* UIImageView+HighlightedWebCache.m in Sources */,
				485303441C3F977A004361A7 /* Demo9Model.m in Sources */,
				485303401C3F977A004361A7 /* DemoVC7Cell.m in Sources */,
				485303351C3F977A004361A7 /* DemoVC0.m in Sources */,
				485302D81C3F6490004361A7 /* SDWebImageDecoder.m in Sources */,
				485302DC1C3F6490004361A7 /* SDWebImagePrefetcher.m in Sources */,
				99A697751C423B0D004EA699 /* UIView+SDAutoLayout.m in Sources */,
				485302D21C3F6490004361A7 /* SDRefreshView.m in Sources */,
				4853033D1C3F977A004361A7 /* DemoVC5Model.m in Sources */,
				485302DE1C3F6490004361A7 /* UIImage+GIF.m in Sources */,
				485302F91C3F65EE004361A7 /* SDCycleScrollView.m in Sources */,
				485302E21C3F6490004361A7 /* UIImageView+WebCache.m in Sources */,
				485303451C3F977A004361A7 /* DemoVC9.m in Sources */,
				485302D61C3F6490004361A7 /* SDImageCache.m in Sources */,
				485303551C3F97E6004361A7 /* DemoCell.m in Sources */,
				485303391C3F977A004361A7 /* TestCell2.m in Sources */,
				485302CC1C3F6490004361A7 /* SDBrowserImageView.m in Sources */,
				485302CD1C3F6490004361A7 /* SDPhotoBrowser.m in Sources */,
				485303511C3F97AA004361A7 /* DemoTableViewControler.m in Sources */,
				485302F41C3F65EE004361A7 /* TAAbstractDotView.m in Sources */,
				485302F81C3F65EE004361A7 /* SDCollectionViewCell.m in Sources */,
				485302DA1C3F6490004361A7 /* SDWebImageDownloaderOperation.m in Sources */,
				485303521C3F97AA004361A7 /* ViewController.m in Sources */,
				99A697741C423B0D004EA699 /* UITableView+SDAutoTableViewCellHeight.m in Sources */,
				485302D71C3F6490004361A7 /* SDWebImageCompat.m in Sources */,
				485303461C3F977A004361A7 /* DemoVC9Cell.m in Sources */,
				485302D51C3F6490004361A7 /* NSData+ImageContentType.m in Sources */,
				485303381C3F977A004361A7 /* DemoVC3.m in Sources */,
				485302D01C3F6490004361A7 /* SDRefreshFooterView.m in Sources */,
				485302DD1C3F6490004361A7 /* UIButton+WebCache.m in Sources */,
				485303371C3F977A004361A7 /* DemoVC2.m in Sources */,
				487D3EB71BCB9EC700A66173 /* main.m in Sources */,
				4853033F1C3F977A004361A7 /* DemoVC7.m in Sources */,
				485302E31C3F6490004361A7 /* UIView+WebCacheOperation.m in Sources */,
				4853033A1C3F977A004361A7 /* DemoVC4.m in Sources */,
				485302D41C3F6490004361A7 /* MKAnnotationView+WebCache.m in Sources */,
				4853033B1C3F977A004361A7 /* DemoVC5.m in Sources */,
			);
			runOnlyForDeploymentPostprocessing = 0;
		};
		487D3EC61BCB9EC700A66173 /* Sources */ = {
			isa = PBXSourcesBuildPhase;
			buildActionMask = 2147483647;
			files = (
				487D3ED11BCB9EC700A66173 /* SDAutoLayoutDemoTests.m in Sources */,
			);
			runOnlyForDeploymentPostprocessing = 0;
		};
/* End PBXSourcesBuildPhase section */

/* Begin PBXTargetDependency section */
		487D3ECC1BCB9EC700A66173 /* PBXTargetDependency */ = {
			isa = PBXTargetDependency;
			target = 487D3EB01BCB9EC700A66173 /* SDAutoLayoutDemo */;
			targetProxy = 487D3ECB1BCB9EC700A66173 /* PBXContainerItemProxy */;
		};
/* End PBXTargetDependency section */

/* Begin PBXVariantGroup section */
		487D3EBE1BCB9EC700A66173 /* Main.storyboard */ = {
			isa = PBXVariantGroup;
			children = (
				487D3EBF1BCB9EC700A66173 /* Base */,
			);
			name = Main.storyboard;
			sourceTree = "<group>";
		};
		487D3EC31BCB9EC700A66173 /* LaunchScreen.xib */ = {
			isa = PBXVariantGroup;
			children = (
				487D3EC41BCB9EC700A66173 /* Base */,
			);
			name = LaunchScreen.xib;
			sourceTree = "<group>";
		};
/* End PBXVariantGroup section */

/* Begin XCBuildConfiguration section */
		487D3ED21BCB9EC700A66173 /* Debug */ = {
			isa = XCBuildConfiguration;
			buildSettings = {
				ALWAYS_SEARCH_USER_PATHS = NO;
				CLANG_CXX_LANGUAGE_STANDARD = "gnu++0x";
				CLANG_CXX_LIBRARY = "libc++";
				CLANG_ENABLE_MODULES = YES;
				CLANG_ENABLE_OBJC_ARC = YES;
				CLANG_WARN_BOOL_CONVERSION = YES;
				CLANG_WARN_CONSTANT_CONVERSION = YES;
				CLANG_WARN_DIRECT_OBJC_ISA_USAGE = YES_ERROR;
				CLANG_WARN_EMPTY_BODY = YES;
				CLANG_WARN_ENUM_CONVERSION = YES;
				CLANG_WARN_INT_CONVERSION = YES;
				CLANG_WARN_OBJC_ROOT_CLASS = YES_ERROR;
				CLANG_WARN_UNREACHABLE_CODE = YES;
				CLANG_WARN__DUPLICATE_METHOD_MATCH = YES;
				"CODE_SIGN_IDENTITY[sdk=iphoneos*]" = "iPhone Developer";
				COPY_PHASE_STRIP = NO;
				DEBUG_INFORMATION_FORMAT = "dwarf-with-dsym";
				ENABLE_STRICT_OBJC_MSGSEND = YES;
				GCC_C_LANGUAGE_STANDARD = gnu99;
				GCC_DYNAMIC_NO_PIC = NO;
				GCC_NO_COMMON_BLOCKS = YES;
				GCC_OPTIMIZATION_LEVEL = 0;
				GCC_PREPROCESSOR_DEFINITIONS = (
					"DEBUG=1",
					"$(inherited)",
				);
				GCC_SYMBOLS_PRIVATE_EXTERN = NO;
				GCC_WARN_64_TO_32_BIT_CONVERSION = YES;
				GCC_WARN_ABOUT_RETURN_TYPE = YES_ERROR;
				GCC_WARN_UNDECLARED_SELECTOR = YES;
				GCC_WARN_UNINITIALIZED_AUTOS = YES_AGGRESSIVE;
				GCC_WARN_UNUSED_FUNCTION = YES;
				GCC_WARN_UNUSED_VARIABLE = YES;
				IPHONEOS_DEPLOYMENT_TARGET = 8.4;
				MTL_ENABLE_DEBUG_INFO = YES;
				ONLY_ACTIVE_ARCH = YES;
				SDKROOT = iphoneos;
				TARGETED_DEVICE_FAMILY = "1,2";
			};
			name = Debug;
		};
		487D3ED31BCB9EC700A66173 /* Release */ = {
			isa = XCBuildConfiguration;
			buildSettings = {
				ALWAYS_SEARCH_USER_PATHS = NO;
				CLANG_CXX_LANGUAGE_STANDARD = "gnu++0x";
				CLANG_CXX_LIBRARY = "libc++";
				CLANG_ENABLE_MODULES = YES;
				CLANG_ENABLE_OBJC_ARC = YES;
				CLANG_WARN_BOOL_CONVERSION = YES;
				CLANG_WARN_CONSTANT_CONVERSION = YES;
				CLANG_WARN_DIRECT_OBJC_ISA_USAGE = YES_ERROR;
				CLANG_WARN_EMPTY_BODY = YES;
				CLANG_WARN_ENUM_CONVERSION = YES;
				CLANG_WARN_INT_CONVERSION = YES;
				CLANG_WARN_OBJC_ROOT_CLASS = YES_ERROR;
				CLANG_WARN_UNREACHABLE_CODE = YES;
				CLANG_WARN__DUPLICATE_METHOD_MATCH = YES;
				"CODE_SIGN_IDENTITY[sdk=iphoneos*]" = "iPhone Developer";
				COPY_PHASE_STRIP = NO;
				DEBUG_INFORMATION_FORMAT = "dwarf-with-dsym";
				ENABLE_NS_ASSERTIONS = NO;
				ENABLE_STRICT_OBJC_MSGSEND = YES;
				GCC_C_LANGUAGE_STANDARD = gnu99;
				GCC_NO_COMMON_BLOCKS = YES;
				GCC_WARN_64_TO_32_BIT_CONVERSION = YES;
				GCC_WARN_ABOUT_RETURN_TYPE = YES_ERROR;
				GCC_WARN_UNDECLARED_SELECTOR = YES;
				GCC_WARN_UNINITIALIZED_AUTOS = YES_AGGRESSIVE;
				GCC_WARN_UNUSED_FUNCTION = YES;
				GCC_WARN_UNUSED_VARIABLE = YES;
				IPHONEOS_DEPLOYMENT_TARGET = 8.4;
				MTL_ENABLE_DEBUG_INFO = NO;
				SDKROOT = iphoneos;
				TARGETED_DEVICE_FAMILY = "1,2";
				VALIDATE_PRODUCT = YES;
			};
			name = Release;
		};
		487D3ED51BCB9EC700A66173 /* Debug */ = {
			isa = XCBuildConfiguration;
			buildSettings = {
				ASSETCATALOG_COMPILER_APPICON_NAME = AppIcon;
				CODE_SIGN_IDENTITY = "iPhone Developer";
				INFOPLIST_FILE = SDAutoLayoutDemo/Info.plist;
				IPHONEOS_DEPLOYMENT_TARGET = 6.0;
				LD_RUNPATH_SEARCH_PATHS = "$(inherited) @executable_path/Frameworks";
				PRODUCT_BUNDLE_IDENTIFIER = com.gsdios.test;
				PRODUCT_NAME = SDAutoLayoutDemo;
			};
			name = Debug;
		};
		487D3ED61BCB9EC700A66173 /* Release */ = {
			isa = XCBuildConfiguration;
			buildSettings = {
				ASSETCATALOG_COMPILER_APPICON_NAME = AppIcon;
				CODE_SIGN_IDENTITY = "iPhone Developer";
				INFOPLIST_FILE = SDAutoLayoutDemo/Info.plist;
				IPHONEOS_DEPLOYMENT_TARGET = 6.0;
				LD_RUNPATH_SEARCH_PATHS = "$(inherited) @executable_path/Frameworks";
				PRODUCT_BUNDLE_IDENTIFIER = com.gsdios.test;
				PRODUCT_NAME = SDAutoLayoutDemo;
			};
			name = Release;
		};
		487D3ED81BCB9EC700A66173 /* Debug */ = {
			isa = XCBuildConfiguration;
			buildSettings = {
				BUNDLE_LOADER = "$(TEST_HOST)";
				FRAMEWORK_SEARCH_PATHS = (
					"$(SDKROOT)/Developer/Library/Frameworks",
					"$(inherited)",
				);
				GCC_PREPROCESSOR_DEFINITIONS = (
					"DEBUG=1",
					"$(inherited)",
				);
				INFOPLIST_FILE = SDAutoLayoutDemoTests/Info.plist;
				LD_RUNPATH_SEARCH_PATHS = "$(inherited) @executable_path/Frameworks @loader_path/Frameworks";
				PRODUCT_NAME = SDAutoLayoutDemo;
				TEST_HOST = "$(BUILT_PRODUCTS_DIR)/SDAutoLayoutDemo.app/SDAutoLayoutDemo";
			};
			name = Debug;
		};
		487D3ED91BCB9EC700A66173 /* Release */ = {
			isa = XCBuildConfiguration;
			buildSettings = {
				BUNDLE_LOADER = "$(TEST_HOST)";
				FRAMEWORK_SEARCH_PATHS = (
					"$(SDKROOT)/Developer/Library/Frameworks",
					"$(inherited)",
				);
				INFOPLIST_FILE = SDAutoLayoutDemoTests/Info.plist;
				LD_RUNPATH_SEARCH_PATHS = "$(inherited) @executable_path/Frameworks @loader_path/Frameworks";
				PRODUCT_NAME = SDAutoLayoutDemo;
				TEST_HOST = "$(BUILT_PRODUCTS_DIR)/SDAutoLayoutDemo.app/SDAutoLayoutDemo";
			};
			name = Release;
		};
/* End XCBuildConfiguration section */

/* Begin XCConfigurationList section */
		487D3EAC1BCB9EC700A66173 /* Build configuration list for PBXProject "SDAutoLayoutDemo" */ = {
			isa = XCConfigurationList;
			buildConfigurations = (
				487D3ED21BCB9EC700A66173 /* Debug */,
				487D3ED31BCB9EC700A66173 /* Release */,
			);
			defaultConfigurationIsVisible = 0;
			defaultConfigurationName = Release;
		};
		487D3ED41BCB9EC700A66173 /* Build configuration list for PBXNativeTarget "SDAutoLayoutDemo" */ = {
			isa = XCConfigurationList;
			buildConfigurations = (
				487D3ED51BCB9EC700A66173 /* Debug */,
				487D3ED61BCB9EC700A66173 /* Release */,
			);
			defaultConfigurationIsVisible = 0;
			defaultConfigurationName = Release;
		};
		487D3ED71BCB9EC700A66173 /* Build configuration list for PBXNativeTarget "SDAutoLayoutDemoTests" */ = {
			isa = XCConfigurationList;
			buildConfigurations = (
				487D3ED81BCB9EC700A66173 /* Debug */,
				487D3ED91BCB9EC700A66173 /* Release */,
			);
			defaultConfigurationIsVisible = 0;
			defaultConfigurationName = Release;
		};
/* End XCConfigurationList section */
	};
	rootObject = 487D3EA91BCB9EC700A66173 /* Project object */;
}
