// !$*UTF8*$!
{
	archiveVersion = 1;
	classes = {
	};
	objectVersion = 46;
	objects = {

/* Begin PBXBuildFile section */
		4841F5DB1C2A8275004979F4 /* DemoVC9.m in Sources */ = {isa = PBXBuildFile; fileRef = 4841F5DA1C2A8275004979F4 /* DemoVC9.m */; };
		4841F5DE1C2A8632004979F4 /* DemoVC9Cell.m in Sources */ = {isa = PBXBuildFile; fileRef = 4841F5DD1C2A8632004979F4 /* DemoVC9Cell.m */; };
		4841F5E11C2A90CF004979F4 /* Demo9Model.m in Sources */ = {isa = PBXBuildFile; fileRef = 4841F5E01C2A90CF004979F4 /* Demo9Model.m */; };
		4841F5E41C2A94ED004979F4 /* SDWeiXinPhotoContainerView.m in Sources */ = {isa = PBXBuildFile; fileRef = 4841F5E31C2A94ED004979F4 /* SDWeiXinPhotoContainerView.m */; };
		4841F5E91C2ABC60004979F4 /* pic5.jpg in Resources */ = {isa = PBXBuildFile; fileRef = 4841F5E51C2ABC60004979F4 /* pic5.jpg */; };
		4841F5EA1C2ABC60004979F4 /* pic6.jpg in Resources */ = {isa = PBXBuildFile; fileRef = 4841F5E61C2ABC60004979F4 /* pic6.jpg */; };
		4841F5EB1C2ABC60004979F4 /* pic7.jpg in Resources */ = {isa = PBXBuildFile; fileRef = 4841F5E71C2ABC60004979F4 /* pic7.jpg */; };
		4841F5EC1C2ABC60004979F4 /* pic8.jpg in Resources */ = {isa = PBXBuildFile; fileRef = 4841F5E81C2ABC60004979F4 /* pic8.jpg */; };
		4841F5EF1C2AC7D6004979F4 /* DemoVC9HeaderView.m in Sources */ = {isa = PBXBuildFile; fileRef = 4841F5EE1C2AC7D6004979F4 /* DemoVC9HeaderView.m */; };
		4841F5F21C2ACC2B004979F4 /* pbg.jpg in Resources */ = {isa = PBXBuildFile; fileRef = 4841F5F01C2ACC2B004979F4 /* pbg.jpg */; };
		4841F5F31C2ACC2B004979F4 /* picon.jpg in Resources */ = {isa = PBXBuildFile; fileRef = 4841F5F11C2ACC2B004979F4 /* picon.jpg */; };
		4841F5FC1C2AD949004979F4 /* SDBrowserImageView.m in Sources */ = {isa = PBXBuildFile; fileRef = 4841F5F61C2AD949004979F4 /* SDBrowserImageView.m */; };
		4841F5FD1C2AD949004979F4 /* SDPhotoBrowser.m in Sources */ = {isa = PBXBuildFile; fileRef = 4841F5F81C2AD949004979F4 /* SDPhotoBrowser.m */; };
		4841F5FE1C2AD949004979F4 /* SDWaitingView.m in Sources */ = {isa = PBXBuildFile; fileRef = 4841F5FB1C2AD949004979F4 /* SDWaitingView.m */; };
		4841F6531C2ADCAE004979F4 /* MKAnnotationView+WebCache.m in Sources */ = {isa = PBXBuildFile; fileRef = 4841F6331C2ADCAE004979F4 /* MKAnnotationView+WebCache.m */; };
		4841F6541C2ADCAE004979F4 /* NSData+ImageContentType.m in Sources */ = {isa = PBXBuildFile; fileRef = 4841F6351C2ADCAE004979F4 /* NSData+ImageContentType.m */; };
		4841F6551C2ADCAE004979F4 /* SDImageCache.m in Sources */ = {isa = PBXBuildFile; fileRef = 4841F6371C2ADCAE004979F4 /* SDImageCache.m */; };
		4841F6561C2ADCAE004979F4 /* SDWebImageCompat.m in Sources */ = {isa = PBXBuildFile; fileRef = 4841F6391C2ADCAE004979F4 /* SDWebImageCompat.m */; };
		4841F6571C2ADCAE004979F4 /* SDWebImageDecoder.m in Sources */ = {isa = PBXBuildFile; fileRef = 4841F63B1C2ADCAE004979F4 /* SDWebImageDecoder.m */; };
		4841F6581C2ADCAE004979F4 /* SDWebImageDownloader.m in Sources */ = {isa = PBXBuildFile; fileRef = 4841F63D1C2ADCAE004979F4 /* SDWebImageDownloader.m */; };
		4841F6591C2ADCAE004979F4 /* SDWebImageDownloaderOperation.m in Sources */ = {isa = PBXBuildFile; fileRef = 4841F63F1C2ADCAE004979F4 /* SDWebImageDownloaderOperation.m */; };
		4841F65A1C2ADCAE004979F4 /* SDWebImageManager.m in Sources */ = {isa = PBXBuildFile; fileRef = 4841F6411C2ADCAE004979F4 /* SDWebImageManager.m */; };
		4841F65B1C2ADCAE004979F4 /* SDWebImagePrefetcher.m in Sources */ = {isa = PBXBuildFile; fileRef = 4841F6441C2ADCAE004979F4 /* SDWebImagePrefetcher.m */; };
		4841F65C1C2ADCAE004979F4 /* UIButton+WebCache.m in Sources */ = {isa = PBXBuildFile; fileRef = 4841F6461C2ADCAE004979F4 /* UIButton+WebCache.m */; };
		4841F65D1C2ADCAE004979F4 /* UIImage+GIF.m in Sources */ = {isa = PBXBuildFile; fileRef = 4841F6481C2ADCAE004979F4 /* UIImage+GIF.m */; };
		4841F65E1C2ADCAE004979F4 /* UIImage+MultiFormat.m in Sources */ = {isa = PBXBuildFile; fileRef = 4841F64A1C2ADCAE004979F4 /* UIImage+MultiFormat.m */; };
		4841F65F1C2ADCAE004979F4 /* UIImage+WebP.m in Sources */ = {isa = PBXBuildFile; fileRef = 4841F64C1C2ADCAE004979F4 /* UIImage+WebP.m */; };
		4841F6601C2ADCAE004979F4 /* UIImageView+HighlightedWebCache.m in Sources */ = {isa = PBXBuildFile; fileRef = 4841F64E1C2ADCAE004979F4 /* UIImageView+HighlightedWebCache.m */; };
		4841F6611C2ADCAE004979F4 /* UIImageView+WebCache.m in Sources */ = {isa = PBXBuildFile; fileRef = 4841F6501C2ADCAE004979F4 /* UIImageView+WebCache.m */; };
		4841F6621C2ADCAE004979F4 /* UIView+WebCacheOperation.m in Sources */ = {isa = PBXBuildFile; fileRef = 4841F6521C2ADCAE004979F4 /* UIView+WebCacheOperation.m */; };
		4845116F1C2439830071BE2C /* DemoVC7.m in Sources */ = {isa = PBXBuildFile; fileRef = 484511681C2439830071BE2C /* DemoVC7.m */; };
		484511701C2439830071BE2C /* DemoVC7Cell.m in Sources */ = {isa = PBXBuildFile; fileRef = 4845116A1C2439830071BE2C /* DemoVC7Cell.m */; };
		484511711C2439830071BE2C /* DemoVC7Cell2.m in Sources */ = {isa = PBXBuildFile; fileRef = 4845116C1C2439830071BE2C /* DemoVC7Cell2.m */; };
		484511721C2439830071BE2C /* DemoVC7Model.m in Sources */ = {isa = PBXBuildFile; fileRef = 4845116E1C2439830071BE2C /* DemoVC7Model.m */; };
		4867A48F1C292EF800BE8767 /* DemoVC8.m in Sources */ = {isa = PBXBuildFile; fileRef = 4867A48E1C292EF800BE8767 /* DemoVC8.m */; };
		486A382D1C0D852C000D43E5 /* DemoVC6.m in Sources */ = {isa = PBXBuildFile; fileRef = 486A382C1C0D852C000D43E5 /* DemoVC6.m */; };
		487D3EB71BCB9EC700A66173 /* main.m in Sources */ = {isa = PBXBuildFile; fileRef = 487D3EB61BCB9EC700A66173 /* main.m */; };
		487D3EBA1BCB9EC700A66173 /* AppDelegate.m in Sources */ = {isa = PBXBuildFile; fileRef = 487D3EB91BCB9EC700A66173 /* AppDelegate.m */; };
		487D3EBD1BCB9EC700A66173 /* ViewController.m in Sources */ = {isa = PBXBuildFile; fileRef = 487D3EBC1BCB9EC700A66173 /* ViewController.m */; };
		487D3EC01BCB9EC700A66173 /* Main.storyboard in Resources */ = {isa = PBXBuildFile; fileRef = 487D3EBE1BCB9EC700A66173 /* Main.storyboard */; };
		487D3EC21BCB9EC700A66173 /* Images.xcassets in Resources */ = {isa = PBXBuildFile; fileRef = 487D3EC11BCB9EC700A66173 /* Images.xcassets */; };
		487D3EC51BCB9EC700A66173 /* LaunchScreen.xib in Resources */ = {isa = PBXBuildFile; fileRef = 487D3EC31BCB9EC700A66173 /* LaunchScreen.xib */; };
		487D3ED11BCB9EC700A66173 /* SDAutoLayout____DemoTests.m in Sources */ = {isa = PBXBuildFile; fileRef = 487D3ED01BCB9EC700A66173 /* SDAutoLayout____DemoTests.m */; };
		487D3EE11BCBA55700A66173 /* DemoVC0.m in Sources */ = {isa = PBXBuildFile; fileRef = 487D3EE01BCBA55700A66173 /* DemoVC0.m */; };
		487D3EE41BCBA6CA00A66173 /* DemoVC1.m in Sources */ = {isa = PBXBuildFile; fileRef = 487D3EE31BCBA6CA00A66173 /* DemoVC1.m */; };
		487D3EE71BCBA78B00A66173 /* DemoTableViewControler.m in Sources */ = {isa = PBXBuildFile; fileRef = 487D3EE61BCBA78B00A66173 /* DemoTableViewControler.m */; };
		487D3EEA1BCBACF500A66173 /* DemoVC2.m in Sources */ = {isa = PBXBuildFile; fileRef = 487D3EE91BCBACF500A66173 /* DemoVC2.m */; };
		487D3EF01BCBB61A00A66173 /* TestCell2.m in Sources */ = {isa = PBXBuildFile; fileRef = 487D3EED1BCBB61A00A66173 /* TestCell2.m */; };
		487D3EF41BCBB71500A66173 /* DemoVC3.m in Sources */ = {isa = PBXBuildFile; fileRef = 487D3EF31BCBB71500A66173 /* DemoVC3.m */; };
		48D632331BD0A7B500F86A88 /* DemoVC4.m in Sources */ = {isa = PBXBuildFile; fileRef = 48D632321BD0A7B500F86A88 /* DemoVC4.m */; };
		48DA2B001BFB529200A771E6 /* UITableView+SDAutoTableViewCellHeight.m in Sources */ = {isa = PBXBuildFile; fileRef = 48DA2AFD1BFB529200A771E6 /* UITableView+SDAutoTableViewCellHeight.m */; };
		48DA2B011BFB529200A771E6 /* UIView+SDAutoLayout.m in Sources */ = {isa = PBXBuildFile; fileRef = 48DA2AFF1BFB529200A771E6 /* UIView+SDAutoLayout.m */; };
		48DBCD081C01D884002EC476 /* DemoVC5CellTableViewCell.m in Sources */ = {isa = PBXBuildFile; fileRef = 48DBCD071C01D884002EC476 /* DemoVC5CellTableViewCell.m */; };
		48DBCD0B1C01D89C002EC476 /* DemoVC5.m in Sources */ = {isa = PBXBuildFile; fileRef = 48DBCD0A1C01D89C002EC476 /* DemoVC5.m */; };
		48DBCD0E1C01DA1E002EC476 /* DemoVC5Model.m in Sources */ = {isa = PBXBuildFile; fileRef = 48DBCD0D1C01DA1E002EC476 /* DemoVC5Model.m */; };
		48DBCD1A1C01E045002EC476 /* icon0.jpg in Resources */ = {isa = PBXBuildFile; fileRef = 48DBCD101C01E045002EC476 /* icon0.jpg */; };
		48DBCD1B1C01E045002EC476 /* icon1.jpg in Resources */ = {isa = PBXBuildFile; fileRef = 48DBCD111C01E045002EC476 /* icon1.jpg */; };
		48DBCD1C1C01E045002EC476 /* icon2.jpg in Resources */ = {isa = PBXBuildFile; fileRef = 48DBCD121C01E045002EC476 /* icon2.jpg */; };
		48DBCD1D1C01E045002EC476 /* icon3.jpg in Resources */ = {isa = PBXBuildFile; fileRef = 48DBCD131C01E045002EC476 /* icon3.jpg */; };
		48DBCD1E1C01E045002EC476 /* icon4.jpg in Resources */ = {isa = PBXBuildFile; fileRef = 48DBCD141C01E045002EC476 /* icon4.jpg */; };
		48DBCD1F1C01E045002EC476 /* pic0.jpg in Resources */ = {isa = PBXBuildFile; fileRef = 48DBCD151C01E045002EC476 /* pic0.jpg */; };
		48DBCD201C01E045002EC476 /* pic1.jpg in Resources */ = {isa = PBXBuildFile; fileRef = 48DBCD161C01E045002EC476 /* pic1.jpg */; };
		48DBCD211C01E045002EC476 /* pic2.jpg in Resources */ = {isa = PBXBuildFile; fileRef = 48DBCD171C01E045002EC476 /* pic2.jpg */; };
		48DBCD221C01E045002EC476 /* pic3.jpg in Resources */ = {isa = PBXBuildFile; fileRef = 48DBCD181C01E045002EC476 /* pic3.jpg */; };
		48DBCD231C01E045002EC476 /* pic4.jpg in Resources */ = {isa = PBXBuildFile; fileRef = 48DBCD191C01E045002EC476 /* pic4.jpg */; };
		99E728A71BE5E22D00771161 /* sdRefeshView_arrow@2x.png in Resources */ = {isa = PBXBuildFile; fileRef = 99E7289D1BE5E22D00771161 /* sdRefeshView_arrow@2x.png */; };
		99E728A81BE5E22D00771161 /* SDRefreshFooterView.m in Sources */ = {isa = PBXBuildFile; fileRef = 99E728A01BE5E22D00771161 /* SDRefreshFooterView.m */; };
		99E728A91BE5E22D00771161 /* SDRefreshHeaderView.m in Sources */ = {isa = PBXBuildFile; fileRef = 99E728A21BE5E22D00771161 /* SDRefreshHeaderView.m */; };
		99E728AA1BE5E22D00771161 /* SDRefreshView.m in Sources */ = {isa = PBXBuildFile; fileRef = 99E728A41BE5E22D00771161 /* SDRefreshView.m */; };
		99E728AB1BE5E22D00771161 /* UIView+SDExtension.m in Sources */ = {isa = PBXBuildFile; fileRef = 99E728A61BE5E22D00771161 /* UIView+SDExtension.m */; };
/* End PBXBuildFile section */

/* Begin PBXContainerItemProxy section */
		487D3ECB1BCB9EC700A66173 /* PBXContainerItemProxy */ = {
			isa = PBXContainerItemProxy;
			containerPortal = 487D3EA91BCB9EC700A66173 /* Project object */;
			proxyType = 1;
			remoteGlobalIDString = 487D3EB01BCB9EC700A66173;
			remoteInfo = "SDAutoLayout 测试 Demo";
		};
/* End PBXContainerItemProxy section */

/* Begin PBXFileReference section */
		4841F5D91C2A8275004979F4 /* DemoVC9.h */ = {isa = PBXFileReference; fileEncoding = 4; lastKnownFileType = sourcecode.c.h; path = DemoVC9.h; sourceTree = "<group>"; };
		4841F5DA1C2A8275004979F4 /* DemoVC9.m */ = {isa = PBXFileReference; fileEncoding = 4; lastKnownFileType = sourcecode.c.objc; path = DemoVC9.m; sourceTree = "<group>"; };
		4841F5DC1C2A8632004979F4 /* DemoVC9Cell.h */ = {isa = PBXFileReference; fileEncoding = 4; lastKnownFileType = sourcecode.c.h; path = DemoVC9Cell.h; sourceTree = "<group>"; };
		4841F5DD1C2A8632004979F4 /* DemoVC9Cell.m */ = {isa = PBXFileReference; fileEncoding = 4; lastKnownFileType = sourcecode.c.objc; path = DemoVC9Cell.m; sourceTree = "<group>"; };
		4841F5DF1C2A90CF004979F4 /* Demo9Model.h */ = {isa = PBXFileReference; fileEncoding = 4; lastKnownFileType = sourcecode.c.h; path = Demo9Model.h; sourceTree = "<group>"; };
		4841F5E01C2A90CF004979F4 /* Demo9Model.m */ = {isa = PBXFileReference; fileEncoding = 4; lastKnownFileType = sourcecode.c.objc; path = Demo9Model.m; sourceTree = "<group>"; };
		4841F5E21C2A94ED004979F4 /* SDWeiXinPhotoContainerView.h */ = {isa = PBXFileReference; fileEncoding = 4; lastKnownFileType = sourcecode.c.h; path = SDWeiXinPhotoContainerView.h; sourceTree = "<group>"; };
		4841F5E31C2A94ED004979F4 /* SDWeiXinPhotoContainerView.m */ = {isa = PBXFileReference; fileEncoding = 4; lastKnownFileType = sourcecode.c.objc; path = SDWeiXinPhotoContainerView.m; sourceTree = "<group>"; };
		4841F5E51C2ABC60004979F4 /* pic5.jpg */ = {isa = PBXFileReference; lastKnownFileType = image.jpeg; path = pic5.jpg; sourceTree = "<group>"; };
		4841F5E61C2ABC60004979F4 /* pic6.jpg */ = {isa = PBXFileReference; lastKnownFileType = image.jpeg; path = pic6.jpg; sourceTree = "<group>"; };
		4841F5E71C2ABC60004979F4 /* pic7.jpg */ = {isa = PBXFileReference; lastKnownFileType = image.jpeg; path = pic7.jpg; sourceTree = "<group>"; };
		4841F5E81C2ABC60004979F4 /* pic8.jpg */ = {isa = PBXFileReference; lastKnownFileType = image.jpeg; path = pic8.jpg; sourceTree = "<group>"; };
		4841F5ED1C2AC7D6004979F4 /* DemoVC9HeaderView.h */ = {isa = PBXFileReference; fileEncoding = 4; lastKnownFileType = sourcecode.c.h; path = DemoVC9HeaderView.h; sourceTree = "<group>"; };
		4841F5EE1C2AC7D6004979F4 /* DemoVC9HeaderView.m */ = {isa = PBXFileReference; fileEncoding = 4; lastKnownFileType = sourcecode.c.objc; path = DemoVC9HeaderView.m; sourceTree = "<group>"; };
		4841F5F01C2ACC2B004979F4 /* pbg.jpg */ = {isa = PBXFileReference; lastKnownFileType = image.jpeg; path = pbg.jpg; sourceTree = "<group>"; };
		4841F5F11C2ACC2B004979F4 /* picon.jpg */ = {isa = PBXFileReference; lastKnownFileType = image.jpeg; path = picon.jpg; sourceTree = "<group>"; };
		4841F5F51C2AD949004979F4 /* SDBrowserImageView.h */ = {isa = PBXFileReference; fileEncoding = 4; lastKnownFileType = sourcecode.c.h; path = SDBrowserImageView.h; sourceTree = "<group>"; };
		4841F5F61C2AD949004979F4 /* SDBrowserImageView.m */ = {isa = PBXFileReference; fileEncoding = 4; lastKnownFileType = sourcecode.c.objc; path = SDBrowserImageView.m; sourceTree = "<group>"; };
		4841F5F71C2AD949004979F4 /* SDPhotoBrowser.h */ = {isa = PBXFileReference; fileEncoding = 4; lastKnownFileType = sourcecode.c.h; path = SDPhotoBrowser.h; sourceTree = "<group>"; };
		4841F5F81C2AD949004979F4 /* SDPhotoBrowser.m */ = {isa = PBXFileReference; fileEncoding = 4; lastKnownFileType = sourcecode.c.objc; path = SDPhotoBrowser.m; sourceTree = "<group>"; };
		4841F5F91C2AD949004979F4 /* SDPhotoBrowserConfig.h */ = {isa = PBXFileReference; fileEncoding = 4; lastKnownFileType = sourcecode.c.h; path = SDPhotoBrowserConfig.h; sourceTree = "<group>"; };
		4841F5FA1C2AD949004979F4 /* SDWaitingView.h */ = {isa = PBXFileReference; fileEncoding = 4; lastKnownFileType = sourcecode.c.h; path = SDWaitingView.h; sourceTree = "<group>"; };
		4841F5FB1C2AD949004979F4 /* SDWaitingView.m */ = {isa = PBXFileReference; fileEncoding = 4; lastKnownFileType = sourcecode.c.objc; path = SDWaitingView.m; sourceTree = "<group>"; };
		4841F6321C2ADCAE004979F4 /* MKAnnotationView+WebCache.h */ = {isa = PBXFileReference; fileEncoding = 4; lastKnownFileType = sourcecode.c.h; path = "MKAnnotationView+WebCache.h"; sourceTree = "<group>"; };
		4841F6331C2ADCAE004979F4 /* MKAnnotationView+WebCache.m */ = {isa = PBXFileReference; fileEncoding = 4; lastKnownFileType = sourcecode.c.objc; path = "MKAnnotationView+WebCache.m"; sourceTree = "<group>"; };
		4841F6341C2ADCAE004979F4 /* NSData+ImageContentType.h */ = {isa = PBXFileReference; fileEncoding = 4; lastKnownFileType = sourcecode.c.h; path = "NSData+ImageContentType.h"; sourceTree = "<group>"; };
		4841F6351C2ADCAE004979F4 /* NSData+ImageContentType.m */ = {isa = PBXFileReference; fileEncoding = 4; lastKnownFileType = sourcecode.c.objc; path = "NSData+ImageContentType.m"; sourceTree = "<group>"; };
		4841F6361C2ADCAE004979F4 /* SDImageCache.h */ = {isa = PBXFileReference; fileEncoding = 4; lastKnownFileType = sourcecode.c.h; path = SDImageCache.h; sourceTree = "<group>"; };
		4841F6371C2ADCAE004979F4 /* SDImageCache.m */ = {isa = PBXFileReference; fileEncoding = 4; lastKnownFileType = sourcecode.c.objc; path = SDImageCache.m; sourceTree = "<group>"; };
		4841F6381C2ADCAE004979F4 /* SDWebImageCompat.h */ = {isa = PBXFileReference; fileEncoding = 4; lastKnownFileType = sourcecode.c.h; path = SDWebImageCompat.h; sourceTree = "<group>"; };
		4841F6391C2ADCAE004979F4 /* SDWebImageCompat.m */ = {isa = PBXFileReference; fileEncoding = 4; lastKnownFileType = sourcecode.c.objc; path = SDWebImageCompat.m; sourceTree = "<group>"; };
		4841F63A1C2ADCAE004979F4 /* SDWebImageDecoder.h */ = {isa = PBXFileReference; fileEncoding = 4; lastKnownFileType = sourcecode.c.h; path = SDWebImageDecoder.h; sourceTree = "<group>"; };
		4841F63B1C2ADCAE004979F4 /* SDWebImageDecoder.m */ = {isa = PBXFileReference; fileEncoding = 4; lastKnownFileType = sourcecode.c.objc; path = SDWebImageDecoder.m; sourceTree = "<group>"; };
		4841F63C1C2ADCAE004979F4 /* SDWebImageDownloader.h */ = {isa = PBXFileReference; fileEncoding = 4; lastKnownFileType = sourcecode.c.h; path = SDWebImageDownloader.h; sourceTree = "<group>"; };
		4841F63D1C2ADCAE004979F4 /* SDWebImageDownloader.m */ = {isa = PBXFileReference; fileEncoding = 4; lastKnownFileType = sourcecode.c.objc; path = SDWebImageDownloader.m; sourceTree = "<group>"; };
		4841F63E1C2ADCAE004979F4 /* SDWebImageDownloaderOperation.h */ = {isa = PBXFileReference; fileEncoding = 4; lastKnownFileType = sourcecode.c.h; path = SDWebImageDownloaderOperation.h; sourceTree = "<group>"; };
		4841F63F1C2ADCAE004979F4 /* SDWebImageDownloaderOperation.m */ = {isa = PBXFileReference; fileEncoding = 4; lastKnownFileType = sourcecode.c.objc; path = SDWebImageDownloaderOperation.m; sourceTree = "<group>"; };
		4841F6401C2ADCAE004979F4 /* SDWebImageManager.h */ = {isa = PBXFileReference; fileEncoding = 4; lastKnownFileType = sourcecode.c.h; path = SDWebImageManager.h; sourceTree = "<group>"; };
		4841F6411C2ADCAE004979F4 /* SDWebImageManager.m */ = {isa = PBXFileReference; fileEncoding = 4; lastKnownFileType = sourcecode.c.objc; path = SDWebImageManager.m; sourceTree = "<group>"; };
		4841F6421C2ADCAE004979F4 /* SDWebImageOperation.h */ = {isa = PBXFileReference; fileEncoding = 4; lastKnownFileType = sourcecode.c.h; path = SDWebImageOperation.h; sourceTree = "<group>"; };
		4841F6431C2ADCAE004979F4 /* SDWebImagePrefetcher.h */ = {isa = PBXFileReference; fileEncoding = 4; lastKnownFileType = sourcecode.c.h; path = SDWebImagePrefetcher.h; sourceTree = "<group>"; };
		4841F6441C2ADCAE004979F4 /* SDWebImagePrefetcher.m */ = {isa = PBXFileReference; fileEncoding = 4; lastKnownFileType = sourcecode.c.objc; path = SDWebImagePrefetcher.m; sourceTree = "<group>"; };
		4841F6451C2ADCAE004979F4 /* UIButton+WebCache.h */ = {isa = PBXFileReference; fileEncoding = 4; lastKnownFileType = sourcecode.c.h; path = "UIButton+WebCache.h"; sourceTree = "<group>"; };
		4841F6461C2ADCAE004979F4 /* UIButton+WebCache.m */ = {isa = PBXFileReference; fileEncoding = 4; lastKnownFileType = sourcecode.c.objc; path = "UIButton+WebCache.m"; sourceTree = "<group>"; };
		4841F6471C2ADCAE004979F4 /* UIImage+GIF.h */ = {isa = PBXFileReference; fileEncoding = 4; lastKnownFileType = sourcecode.c.h; path = "UIImage+GIF.h"; sourceTree = "<group>"; };
		4841F6481C2ADCAE004979F4 /* UIImage+GIF.m */ = {isa = PBXFileReference; fileEncoding = 4; lastKnownFileType = sourcecode.c.objc; path = "UIImage+GIF.m"; sourceTree = "<group>"; };
		4841F6491C2ADCAE004979F4 /* UIImage+MultiFormat.h */ = {isa = PBXFileReference; fileEncoding = 4; lastKnownFileType = sourcecode.c.h; path = "UIImage+MultiFormat.h"; sourceTree = "<group>"; };
		4841F64A1C2ADCAE004979F4 /* UIImage+MultiFormat.m */ = {isa = PBXFileReference; fileEncoding = 4; lastKnownFileType = sourcecode.c.objc; path = "UIImage+MultiFormat.m"; sourceTree = "<group>"; };
		4841F64B1C2ADCAE004979F4 /* UIImage+WebP.h */ = {isa = PBXFileReference; fileEncoding = 4; lastKnownFileType = sourcecode.c.h; path = "UIImage+WebP.h"; sourceTree = "<group>"; };
		4841F64C1C2ADCAE004979F4 /* UIImage+WebP.m */ = {isa = PBXFileReference; fileEncoding = 4; lastKnownFileType = sourcecode.c.objc; path = "UIImage+WebP.m"; sourceTree = "<group>"; };
		4841F64D1C2ADCAE004979F4 /* UIImageView+HighlightedWebCache.h */ = {isa = PBXFileReference; fileEncoding = 4; lastKnownFileType = sourcecode.c.h; path = "UIImageView+HighlightedWebCache.h"; sourceTree = "<group>"; };
		4841F64E1C2ADCAE004979F4 /* UIImageView+HighlightedWebCache.m */ = {isa = PBXFileReference; fileEncoding = 4; lastKnownFileType = sourcecode.c.objc; path = "UIImageView+HighlightedWebCache.m"; sourceTree = "<group>"; };
		4841F64F1C2ADCAE004979F4 /* UIImageView+WebCache.h */ = {isa = PBXFileReference; fileEncoding = 4; lastKnownFileType = sourcecode.c.h; path = "UIImageView+WebCache.h"; sourceTree = "<group>"; };
		4841F6501C2ADCAE004979F4 /* UIImageView+WebCache.m */ = {isa = PBXFileReference; fileEncoding = 4; lastKnownFileType = sourcecode.c.objc; path = "UIImageView+WebCache.m"; sourceTree = "<group>"; };
		4841F6511C2ADCAE004979F4 /* UIView+WebCacheOperation.h */ = {isa = PBXFileReference; fileEncoding = 4; lastKnownFileType = sourcecode.c.h; path = "UIView+WebCacheOperation.h"; sourceTree = "<group>"; };
		4841F6521C2ADCAE004979F4 /* UIView+WebCacheOperation.m */ = {isa = PBXFileReference; fileEncoding = 4; lastKnownFileType = sourcecode.c.objc; path = "UIView+WebCacheOperation.m"; sourceTree = "<group>"; };
		484511671C2439830071BE2C /* DemoVC7.h */ = {isa = PBXFileReference; fileEncoding = 4; lastKnownFileType = sourcecode.c.h; path = DemoVC7.h; sourceTree = "<group>"; };
		484511681C2439830071BE2C /* DemoVC7.m */ = {isa = PBXFileReference; fileEncoding = 4; lastKnownFileType = sourcecode.c.objc; path = DemoVC7.m; sourceTree = "<group>"; };
		484511691C2439830071BE2C /* DemoVC7Cell.h */ = {isa = PBXFileReference; fileEncoding = 4; lastKnownFileType = sourcecode.c.h; path = DemoVC7Cell.h; sourceTree = "<group>"; };
		4845116A1C2439830071BE2C /* DemoVC7Cell.m */ = {isa = PBXFileReference; fileEncoding = 4; lastKnownFileType = sourcecode.c.objc; path = DemoVC7Cell.m; sourceTree = "<group>"; };
		4845116B1C2439830071BE2C /* DemoVC7Cell2.h */ = {isa = PBXFileReference; fileEncoding = 4; lastKnownFileType = sourcecode.c.h; path = DemoVC7Cell2.h; sourceTree = "<group>"; };
		4845116C1C2439830071BE2C /* DemoVC7Cell2.m */ = {isa = PBXFileReference; fileEncoding = 4; lastKnownFileType = sourcecode.c.objc; path = DemoVC7Cell2.m; sourceTree = "<group>"; };
		4845116D1C2439830071BE2C /* DemoVC7Model.h */ = {isa = PBXFileReference; fileEncoding = 4; lastKnownFileType = sourcecode.c.h; path = DemoVC7Model.h; sourceTree = "<group>"; };
		4845116E1C2439830071BE2C /* DemoVC7Model.m */ = {isa = PBXFileReference; fileEncoding = 4; lastKnownFileType = sourcecode.c.objc; path = DemoVC7Model.m; sourceTree = "<group>"; };
		4867A48D1C292EF800BE8767 /* DemoVC8.h */ = {isa = PBXFileReference; fileEncoding = 4; lastKnownFileType = sourcecode.c.h; path = DemoVC8.h; sourceTree = "<group>"; };
		4867A48E1C292EF800BE8767 /* DemoVC8.m */ = {isa = PBXFileReference; fileEncoding = 4; lastKnownFileType = sourcecode.c.objc; path = DemoVC8.m; sourceTree = "<group>"; };
		486A382B1C0D852C000D43E5 /* DemoVC6.h */ = {isa = PBXFileReference; fileEncoding = 4; lastKnownFileType = sourcecode.c.h; path = DemoVC6.h; sourceTree = "<group>"; };
		486A382C1C0D852C000D43E5 /* DemoVC6.m */ = {isa = PBXFileReference; fileEncoding = 4; lastKnownFileType = sourcecode.c.objc; path = DemoVC6.m; sourceTree = "<group>"; };
		487D3EB11BCB9EC700A66173 /* SDAutoLayout 测试 Demo.app */ = {isa = PBXFileReference; explicitFileType = wrapper.application; includeInIndex = 0; path = "SDAutoLayout 测试 Demo.app"; sourceTree = BUILT_PRODUCTS_DIR; };
		487D3EB51BCB9EC700A66173 /* Info.plist */ = {isa = PBXFileReference; lastKnownFileType = text.plist.xml; path = Info.plist; sourceTree = "<group>"; };
		487D3EB61BCB9EC700A66173 /* main.m */ = {isa = PBXFileReference; lastKnownFileType = sourcecode.c.objc; path = main.m; sourceTree = "<group>"; };
		487D3EB81BCB9EC700A66173 /* AppDelegate.h */ = {isa = PBXFileReference; lastKnownFileType = sourcecode.c.h; path = AppDelegate.h; sourceTree = "<group>"; };
		487D3EB91BCB9EC700A66173 /* AppDelegate.m */ = {isa = PBXFileReference; lastKnownFileType = sourcecode.c.objc; path = AppDelegate.m; sourceTree = "<group>"; };
		487D3EBB1BCB9EC700A66173 /* ViewController.h */ = {isa = PBXFileReference; lastKnownFileType = sourcecode.c.h; path = ViewController.h; sourceTree = "<group>"; };
		487D3EBC1BCB9EC700A66173 /* ViewController.m */ = {isa = PBXFileReference; lastKnownFileType = sourcecode.c.objc; path = ViewController.m; sourceTree = "<group>"; };
		487D3EBF1BCB9EC700A66173 /* Base */ = {isa = PBXFileReference; lastKnownFileType = file.storyboard; name = Base; path = Base.lproj/Main.storyboard; sourceTree = "<group>"; };
		487D3EC11BCB9EC700A66173 /* Images.xcassets */ = {isa = PBXFileReference; lastKnownFileType = folder.assetcatalog; path = Images.xcassets; sourceTree = "<group>"; };
		487D3EC41BCB9EC700A66173 /* Base */ = {isa = PBXFileReference; lastKnownFileType = file.xib; name = Base; path = Base.lproj/LaunchScreen.xib; sourceTree = "<group>"; };
		487D3ECA1BCB9EC700A66173 /* SDAutoLayout 测试 DemoTests.xctest */ = {isa = PBXFileReference; explicitFileType = wrapper.cfbundle; includeInIndex = 0; path = "SDAutoLayout 测试 DemoTests.xctest"; sourceTree = BUILT_PRODUCTS_DIR; };
		487D3ECF1BCB9EC700A66173 /* Info.plist */ = {isa = PBXFileReference; lastKnownFileType = text.plist.xml; path = Info.plist; sourceTree = "<group>"; };
		487D3ED01BCB9EC700A66173 /* SDAutoLayout____DemoTests.m */ = {isa = PBXFileReference; lastKnownFileType = sourcecode.c.objc; path = "SDAutoLayout____DemoTests.m"; sourceTree = "<group>"; };
		487D3EDF1BCBA55700A66173 /* DemoVC0.h */ = {isa = PBXFileReference; fileEncoding = 4; lastKnownFileType = sourcecode.c.h; path = DemoVC0.h; sourceTree = "<group>"; };
		487D3EE01BCBA55700A66173 /* DemoVC0.m */ = {isa = PBXFileReference; fileEncoding = 4; lastKnownFileType = sourcecode.c.objc; path = DemoVC0.m; sourceTree = "<group>"; };
		487D3EE21BCBA6CA00A66173 /* DemoVC1.h */ = {isa = PBXFileReference; fileEncoding = 4; lastKnownFileType = sourcecode.c.h; path = DemoVC1.h; sourceTree = "<group>"; };
		487D3EE31BCBA6CA00A66173 /* DemoVC1.m */ = {isa = PBXFileReference; fileEncoding = 4; lastKnownFileType = sourcecode.c.objc; path = DemoVC1.m; sourceTree = "<group>"; };
		487D3EE51BCBA78B00A66173 /* DemoTableViewControler.h */ = {isa = PBXFileReference; fileEncoding = 4; lastKnownFileType = sourcecode.c.h; path = DemoTableViewControler.h; sourceTree = "<group>"; };
		487D3EE61BCBA78B00A66173 /* DemoTableViewControler.m */ = {isa = PBXFileReference; fileEncoding = 4; lastKnownFileType = sourcecode.c.objc; path = DemoTableViewControler.m; sourceTree = "<group>"; };
		487D3EE81BCBACF500A66173 /* DemoVC2.h */ = {isa = PBXFileReference; fileEncoding = 4; lastKnownFileType = sourcecode.c.h; path = DemoVC2.h; sourceTree = "<group>"; };
		487D3EE91BCBACF500A66173 /* DemoVC2.m */ = {isa = PBXFileReference; fileEncoding = 4; lastKnownFileType = sourcecode.c.objc; path = DemoVC2.m; sourceTree = "<group>"; };
		487D3EEC1BCBB61A00A66173 /* TestCell2.h */ = {isa = PBXFileReference; fileEncoding = 4; lastKnownFileType = sourcecode.c.h; path = TestCell2.h; sourceTree = "<group>"; };
		487D3EED1BCBB61A00A66173 /* TestCell2.m */ = {isa = PBXFileReference; fileEncoding = 4; lastKnownFileType = sourcecode.c.objc; path = TestCell2.m; sourceTree = "<group>"; };
		487D3EF21BCBB71500A66173 /* DemoVC3.h */ = {isa = PBXFileReference; fileEncoding = 4; lastKnownFileType = sourcecode.c.h; path = DemoVC3.h; sourceTree = "<group>"; };
		487D3EF31BCBB71500A66173 /* DemoVC3.m */ = {isa = PBXFileReference; fileEncoding = 4; lastKnownFileType = sourcecode.c.objc; path = DemoVC3.m; sourceTree = "<group>"; };
		48D632311BD0A7B500F86A88 /* DemoVC4.h */ = {isa = PBXFileReference; fileEncoding = 4; lastKnownFileType = sourcecode.c.h; path = DemoVC4.h; sourceTree = "<group>"; };
		48D632321BD0A7B500F86A88 /* DemoVC4.m */ = {isa = PBXFileReference; fileEncoding = 4; lastKnownFileType = sourcecode.c.objc; path = DemoVC4.m; sourceTree = "<group>"; };
		48DA2AFC1BFB529200A771E6 /* UITableView+SDAutoTableViewCellHeight.h */ = {isa = PBXFileReference; fileEncoding = 4; lastKnownFileType = sourcecode.c.h; path = "UITableView+SDAutoTableViewCellHeight.h"; sourceTree = "<group>"; };
		48DA2AFD1BFB529200A771E6 /* UITableView+SDAutoTableViewCellHeight.m */ = {isa = PBXFileReference; fileEncoding = 4; lastKnownFileType = sourcecode.c.objc; path = "UITableView+SDAutoTableViewCellHeight.m"; sourceTree = "<group>"; };
		48DA2AFE1BFB529200A771E6 /* UIView+SDAutoLayout.h */ = {isa = PBXFileReference; fileEncoding = 4; lastKnownFileType = sourcecode.c.h; path = "UIView+SDAutoLayout.h"; sourceTree = "<group>"; };
		48DA2AFF1BFB529200A771E6 /* UIView+SDAutoLayout.m */ = {isa = PBXFileReference; fileEncoding = 4; lastKnownFileType = sourcecode.c.objc; path = "UIView+SDAutoLayout.m"; sourceTree = "<group>"; };
		48DBCD061C01D884002EC476 /* DemoVC5CellTableViewCell.h */ = {isa = PBXFileReference; fileEncoding = 4; lastKnownFileType = sourcecode.c.h; path = DemoVC5CellTableViewCell.h; sourceTree = "<group>"; };
		48DBCD071C01D884002EC476 /* DemoVC5CellTableViewCell.m */ = {isa = PBXFileReference; fileEncoding = 4; lastKnownFileType = sourcecode.c.objc; path = DemoVC5CellTableViewCell.m; sourceTree = "<group>"; };
		48DBCD091C01D89C002EC476 /* DemoVC5.h */ = {isa = PBXFileReference; fileEncoding = 4; lastKnownFileType = sourcecode.c.h; path = DemoVC5.h; sourceTree = "<group>"; };
		48DBCD0A1C01D89C002EC476 /* DemoVC5.m */ = {isa = PBXFileReference; fileEncoding = 4; lastKnownFileType = sourcecode.c.objc; path = DemoVC5.m; sourceTree = "<group>"; };
		48DBCD0C1C01DA1E002EC476 /* DemoVC5Model.h */ = {isa = PBXFileReference; fileEncoding = 4; lastKnownFileType = sourcecode.c.h; path = DemoVC5Model.h; sourceTree = "<group>"; };
		48DBCD0D1C01DA1E002EC476 /* DemoVC5Model.m */ = {isa = PBXFileReference; fileEncoding = 4; lastKnownFileType = sourcecode.c.objc; path = DemoVC5Model.m; sourceTree = "<group>"; };
		48DBCD101C01E045002EC476 /* icon0.jpg */ = {isa = PBXFileReference; lastKnownFileType = image.jpeg; path = icon0.jpg; sourceTree = "<group>"; };
		48DBCD111C01E045002EC476 /* icon1.jpg */ = {isa = PBXFileReference; lastKnownFileType = image.jpeg; path = icon1.jpg; sourceTree = "<group>"; };
		48DBCD121C01E045002EC476 /* icon2.jpg */ = {isa = PBXFileReference; lastKnownFileType = image.jpeg; path = icon2.jpg; sourceTree = "<group>"; };
		48DBCD131C01E045002EC476 /* icon3.jpg */ = {isa = PBXFileReference; lastKnownFileType = image.jpeg; path = icon3.jpg; sourceTree = "<group>"; };
		48DBCD141C01E045002EC476 /* icon4.jpg */ = {isa = PBXFileReference; lastKnownFileType = image.jpeg; path = icon4.jpg; sourceTree = "<group>"; };
		48DBCD151C01E045002EC476 /* pic0.jpg */ = {isa = PBXFileReference; lastKnownFileType = image.jpeg; path = pic0.jpg; sourceTree = "<group>"; };
		48DBCD161C01E045002EC476 /* pic1.jpg */ = {isa = PBXFileReference; lastKnownFileType = image.jpeg; path = pic1.jpg; sourceTree = "<group>"; };
		48DBCD171C01E045002EC476 /* pic2.jpg */ = {isa = PBXFileReference; lastKnownFileType = image.jpeg; path = pic2.jpg; sourceTree = "<group>"; };
		48DBCD181C01E045002EC476 /* pic3.jpg */ = {isa = PBXFileReference; lastKnownFileType = image.jpeg; path = pic3.jpg; sourceTree = "<group>"; };
		48DBCD191C01E045002EC476 /* pic4.jpg */ = {isa = PBXFileReference; lastKnownFileType = image.jpeg; path = pic4.jpg; sourceTree = "<group>"; };
		99E7289D1BE5E22D00771161 /* sdRefeshView_arrow@2x.png */ = {isa = PBXFileReference; lastKnownFileType = image.png; path = "sdRefeshView_arrow@2x.png"; sourceTree = "<group>"; };
		99E7289E1BE5E22D00771161 /* SDRefresh.h */ = {isa = PBXFileReference; fileEncoding = 4; lastKnownFileType = sourcecode.c.h; path = SDRefresh.h; sourceTree = "<group>"; };
		99E7289F1BE5E22D00771161 /* SDRefreshFooterView.h */ = {isa = PBXFileReference; fileEncoding = 4; lastKnownFileType = sourcecode.c.h; path = SDRefreshFooterView.h; sourceTree = "<group>"; };
		99E728A01BE5E22D00771161 /* SDRefreshFooterView.m */ = {isa = PBXFileReference; fileEncoding = 4; lastKnownFileType = sourcecode.c.objc; path = SDRefreshFooterView.m; sourceTree = "<group>"; };
		99E728A11BE5E22D00771161 /* SDRefreshHeaderView.h */ = {isa = PBXFileReference; fileEncoding = 4; lastKnownFileType = sourcecode.c.h; path = SDRefreshHeaderView.h; sourceTree = "<group>"; };
		99E728A21BE5E22D00771161 /* SDRefreshHeaderView.m */ = {isa = PBXFileReference; fileEncoding = 4; lastKnownFileType = sourcecode.c.objc; path = SDRefreshHeaderView.m; sourceTree = "<group>"; };
		99E728A31BE5E22D00771161 /* SDRefreshView.h */ = {isa = PBXFileReference; fileEncoding = 4; lastKnownFileType = sourcecode.c.h; path = SDRefreshView.h; sourceTree = "<group>"; };
		99E728A41BE5E22D00771161 /* SDRefreshView.m */ = {isa = PBXFileReference; fileEncoding = 4; lastKnownFileType = sourcecode.c.objc; path = SDRefreshView.m; sourceTree = "<group>"; };
		99E728A51BE5E22D00771161 /* UIView+SDExtension.h */ = {isa = PBXFileReference; fileEncoding = 4; lastKnownFileType = sourcecode.c.h; path = "UIView+SDExtension.h"; sourceTree = "<group>"; };
		99E728A61BE5E22D00771161 /* UIView+SDExtension.m */ = {isa = PBXFileReference; fileEncoding = 4; lastKnownFileType = sourcecode.c.objc; path = "UIView+SDExtension.m"; sourceTree = "<group>"; };
/* End PBXFileReference section */

/* Begin PBXFrameworksBuildPhase section */
		487D3EAE1BCB9EC700A66173 /* Frameworks */ = {
			isa = PBXFrameworksBuildPhase;
			buildActionMask = 2147483647;
			files = (
			);
			runOnlyForDeploymentPostprocessing = 0;
		};
		487D3EC71BCB9EC700A66173 /* Frameworks */ = {
			isa = PBXFrameworksBuildPhase;
			buildActionMask = 2147483647;
			files = (
			);
			runOnlyForDeploymentPostprocessing = 0;
		};
/* End PBXFrameworksBuildPhase section */

/* Begin PBXGroup section */
		4841F5D81C2A8256004979F4 /* DemoVC9 */ = {
			isa = PBXGroup;
			children = (
				4841F5D91C2A8275004979F4 /* DemoVC9.h */,
				4841F5DA1C2A8275004979F4 /* DemoVC9.m */,
				4841F5DC1C2A8632004979F4 /* DemoVC9Cell.h */,
				4841F5DD1C2A8632004979F4 /* DemoVC9Cell.m */,
				4841F5DF1C2A90CF004979F4 /* Demo9Model.h */,
				4841F5E01C2A90CF004979F4 /* Demo9Model.m */,
				4841F5E21C2A94ED004979F4 /* SDWeiXinPhotoContainerView.h */,
				4841F5E31C2A94ED004979F4 /* SDWeiXinPhotoContainerView.m */,
				4841F5ED1C2AC7D6004979F4 /* DemoVC9HeaderView.h */,
				4841F5EE1C2AC7D6004979F4 /* DemoVC9HeaderView.m */,
			);
			name = DemoVC9;
			sourceTree = "<group>";
		};
		4841F5F41C2AD949004979F4 /* SDPhotoBrowser */ = {
			isa = PBXGroup;
			children = (
				4841F5F51C2AD949004979F4 /* SDBrowserImageView.h */,
				4841F5F61C2AD949004979F4 /* SDBrowserImageView.m */,
				4841F5F71C2AD949004979F4 /* SDPhotoBrowser.h */,
				4841F5F81C2AD949004979F4 /* SDPhotoBrowser.m */,
				4841F5F91C2AD949004979F4 /* SDPhotoBrowserConfig.h */,
				4841F5FA1C2AD949004979F4 /* SDWaitingView.h */,
				4841F5FB1C2AD949004979F4 /* SDWaitingView.m */,
			);
			path = SDPhotoBrowser;
			sourceTree = "<group>";
		};
		4841F6311C2ADCAE004979F4 /* SDWebImage */ = {
			isa = PBXGroup;
			children = (
				4841F6321C2ADCAE004979F4 /* MKAnnotationView+WebCache.h */,
				4841F6331C2ADCAE004979F4 /* MKAnnotationView+WebCache.m */,
				4841F6341C2ADCAE004979F4 /* NSData+ImageContentType.h */,
				4841F6351C2ADCAE004979F4 /* NSData+ImageContentType.m */,
				4841F6361C2ADCAE004979F4 /* SDImageCache.h */,
				4841F6371C2ADCAE004979F4 /* SDImageCache.m */,
				4841F6381C2ADCAE004979F4 /* SDWebImageCompat.h */,
				4841F6391C2ADCAE004979F4 /* SDWebImageCompat.m */,
				4841F63A1C2ADCAE004979F4 /* SDWebImageDecoder.h */,
				4841F63B1C2ADCAE004979F4 /* SDWebImageDecoder.m */,
				4841F63C1C2ADCAE004979F4 /* SDWebImageDownloader.h */,
				4841F63D1C2ADCAE004979F4 /* SDWebImageDownloader.m */,
				4841F63E1C2ADCAE004979F4 /* SDWebImageDownloaderOperation.h */,
				4841F63F1C2ADCAE004979F4 /* SDWebImageDownloaderOperation.m */,
				4841F6401C2ADCAE004979F4 /* SDWebImageManager.h */,
				4841F6411C2ADCAE004979F4 /* SDWebImageManager.m */,
				4841F6421C2ADCAE004979F4 /* SDWebImageOperation.h */,
				4841F6431C2ADCAE004979F4 /* SDWebImagePrefetcher.h */,
				4841F6441C2ADCAE004979F4 /* SDWebImagePrefetcher.m */,
				4841F6451C2ADCAE004979F4 /* UIButton+WebCache.h */,
				4841F6461C2ADCAE004979F4 /* UIButton+WebCache.m */,
				4841F6471C2ADCAE004979F4 /* UIImage+GIF.h */,
				4841F6481C2ADCAE004979F4 /* UIImage+GIF.m */,
				4841F6491C2ADCAE004979F4 /* UIImage+MultiFormat.h */,
				4841F64A1C2ADCAE004979F4 /* UIImage+MultiFormat.m */,
				4841F64B1C2ADCAE004979F4 /* UIImage+WebP.h */,
				4841F64C1C2ADCAE004979F4 /* UIImage+WebP.m */,
				4841F64D1C2ADCAE004979F4 /* UIImageView+HighlightedWebCache.h */,
				4841F64E1C2ADCAE004979F4 /* UIImageView+HighlightedWebCache.m */,
				4841F64F1C2ADCAE004979F4 /* UIImageView+WebCache.h */,
				4841F6501C2ADCAE004979F4 /* UIImageView+WebCache.m */,
				4841F6511C2ADCAE004979F4 /* UIView+WebCacheOperation.h */,
				4841F6521C2ADCAE004979F4 /* UIView+WebCacheOperation.m */,
			);
			path = SDWebImage;
			sourceTree = "<group>";
		};
		484511661C24395F0071BE2C /* DemoVC7 */ = {
			isa = PBXGroup;
			children = (
				484511671C2439830071BE2C /* DemoVC7.h */,
				484511681C2439830071BE2C /* DemoVC7.m */,
				484511691C2439830071BE2C /* DemoVC7Cell.h */,
				4845116A1C2439830071BE2C /* DemoVC7Cell.m */,
				4845116B1C2439830071BE2C /* DemoVC7Cell2.h */,
				4845116C1C2439830071BE2C /* DemoVC7Cell2.m */,
				4845116D1C2439830071BE2C /* DemoVC7Model.h */,
				4845116E1C2439830071BE2C /* DemoVC7Model.m */,
			);
			name = DemoVC7;
			sourceTree = "<group>";
		};
		4867A48C1C292EB500BE8767 /* DemoVC8 */ = {
			isa = PBXGroup;
			children = (
				4867A48D1C292EF800BE8767 /* DemoVC8.h */,
				4867A48E1C292EF800BE8767 /* DemoVC8.m */,
			);
			name = DemoVC8;
			sourceTree = "<group>";
		};
		486A382A1C0D8499000D43E5 /* DemoVC6 */ = {
			isa = PBXGroup;
			children = (
				486A382B1C0D852C000D43E5 /* DemoVC6.h */,
				486A382C1C0D852C000D43E5 /* DemoVC6.m */,
			);
			name = DemoVC6;
			sourceTree = "<group>";
		};
		487D3EA81BCB9EC700A66173 = {
			isa = PBXGroup;
			children = (
				487D3EB31BCB9EC700A66173 /* SDAutoLayout 测试 Demo */,
				487D3ECD1BCB9EC700A66173 /* SDAutoLayout 测试 DemoTests */,
				487D3EB21BCB9EC700A66173 /* Products */,
			);
			sourceTree = "<group>";
		};
		487D3EB21BCB9EC700A66173 /* Products */ = {
			isa = PBXGroup;
			children = (
				487D3EB11BCB9EC700A66173 /* SDAutoLayout 测试 Demo.app */,
				487D3ECA1BCB9EC700A66173 /* SDAutoLayout 测试 DemoTests.xctest */,
			);
			name = Products;
			sourceTree = "<group>";
		};
		487D3EB31BCB9EC700A66173 /* SDAutoLayout 测试 Demo */ = {
			isa = PBXGroup;
			children = (
				4841F6311C2ADCAE004979F4 /* SDWebImage */,
				4841F5F41C2AD949004979F4 /* SDPhotoBrowser */,
				48DA2AFB1BFB529200A771E6 /* SDAutoLayout */,
				99E7289C1BE5E22D00771161 /* SDRefeshView */,
				487D3EDE1BCBA52900A66173 /* DemoVC */,
				487D3EB81BCB9EC700A66173 /* AppDelegate.h */,
				487D3EB91BCB9EC700A66173 /* AppDelegate.m */,
				487D3EE51BCBA78B00A66173 /* DemoTableViewControler.h */,
				487D3EE61BCBA78B00A66173 /* DemoTableViewControler.m */,
				487D3EBE1BCB9EC700A66173 /* Main.storyboard */,
				487D3EC11BCB9EC700A66173 /* Images.xcassets */,
				487D3EC31BCB9EC700A66173 /* LaunchScreen.xib */,
				487D3EB41BCB9EC700A66173 /* Supporting Files */,
			);
			path = "SDAutoLayout 测试 Demo";
			sourceTree = "<group>";
		};
		487D3EB41BCB9EC700A66173 /* Supporting Files */ = {
			isa = PBXGroup;
			children = (
				48DBCD0F1C01DEB1002EC476 /* Images */,
				487D3EB51BCB9EC700A66173 /* Info.plist */,
				487D3EB61BCB9EC700A66173 /* main.m */,
			);
			name = "Supporting Files";
			sourceTree = "<group>";
		};
		487D3ECD1BCB9EC700A66173 /* SDAutoLayout 测试 DemoTests */ = {
			isa = PBXGroup;
			children = (
				487D3ED01BCB9EC700A66173 /* SDAutoLayout____DemoTests.m */,
				487D3ECE1BCB9EC700A66173 /* Supporting Files */,
			);
			path = "SDAutoLayout 测试 DemoTests";
			sourceTree = "<group>";
		};
		487D3ECE1BCB9EC700A66173 /* Supporting Files */ = {
			isa = PBXGroup;
			children = (
				487D3ECF1BCB9EC700A66173 /* Info.plist */,
			);
			name = "Supporting Files";
			sourceTree = "<group>";
		};
		487D3EDE1BCBA52900A66173 /* DemoVC */ = {
			isa = PBXGroup;
			children = (
				4841F5D81C2A8256004979F4 /* DemoVC9 */,
				4867A48C1C292EB500BE8767 /* DemoVC8 */,
				484511661C24395F0071BE2C /* DemoVC7 */,
				486A382A1C0D8499000D43E5 /* DemoVC6 */,
				48DBCD051C01D82A002EC476 /* DemoVC5 */,
				487D3EBB1BCB9EC700A66173 /* ViewController.h */,
				487D3EBC1BCB9EC700A66173 /* ViewController.m */,
				487D3EDF1BCBA55700A66173 /* DemoVC0.h */,
				487D3EE01BCBA55700A66173 /* DemoVC0.m */,
				487D3EE21BCBA6CA00A66173 /* DemoVC1.h */,
				487D3EE31BCBA6CA00A66173 /* DemoVC1.m */,
				487D3EE81BCBACF500A66173 /* DemoVC2.h */,
				487D3EE91BCBACF500A66173 /* DemoVC2.m */,
				487D3EEB1BCBB5A400A66173 /* DemoVC3 */,
				48D632311BD0A7B500F86A88 /* DemoVC4.h */,
				48D632321BD0A7B500F86A88 /* DemoVC4.m */,
			);
			name = DemoVC;
			sourceTree = "<group>";
		};
		487D3EEB1BCBB5A400A66173 /* DemoVC3 */ = {
			isa = PBXGroup;
			children = (
				487D3EEC1BCBB61A00A66173 /* TestCell2.h */,
				487D3EED1BCBB61A00A66173 /* TestCell2.m */,
				487D3EF21BCBB71500A66173 /* DemoVC3.h */,
				487D3EF31BCBB71500A66173 /* DemoVC3.m */,
			);
			name = DemoVC3;
			sourceTree = "<group>";
		};
		48DA2AFB1BFB529200A771E6 /* SDAutoLayout */ = {
			isa = PBXGroup;
			children = (
				48DA2AFC1BFB529200A771E6 /* UITableView+SDAutoTableViewCellHeight.h */,
				48DA2AFD1BFB529200A771E6 /* UITableView+SDAutoTableViewCellHeight.m */,
				48DA2AFE1BFB529200A771E6 /* UIView+SDAutoLayout.h */,
				48DA2AFF1BFB529200A771E6 /* UIView+SDAutoLayout.m */,
			);
			path = SDAutoLayout;
			sourceTree = "<group>";
		};
		48DBCD051C01D82A002EC476 /* DemoVC5 */ = {
			isa = PBXGroup;
			children = (
				48DBCD061C01D884002EC476 /* DemoVC5CellTableViewCell.h */,
				48DBCD071C01D884002EC476 /* DemoVC5CellTableViewCell.m */,
				48DBCD091C01D89C002EC476 /* DemoVC5.h */,
				48DBCD0A1C01D89C002EC476 /* DemoVC5.m */,
				48DBCD0C1C01DA1E002EC476 /* DemoVC5Model.h */,
				48DBCD0D1C01DA1E002EC476 /* DemoVC5Model.m */,
			);
			name = DemoVC5;
			sourceTree = "<group>";
		};
		48DBCD0F1C01DEB1002EC476 /* Images */ = {
			isa = PBXGroup;
			children = (
				4841F5F01C2ACC2B004979F4 /* pbg.jpg */,
				4841F5F11C2ACC2B004979F4 /* picon.jpg */,
				4841F5E51C2ABC60004979F4 /* pic5.jpg */,
				4841F5E61C2ABC60004979F4 /* pic6.jpg */,
				4841F5E71C2ABC60004979F4 /* pic7.jpg */,
				4841F5E81C2ABC60004979F4 /* pic8.jpg */,
				48DBCD101C01E045002EC476 /* icon0.jpg */,
				48DBCD111C01E045002EC476 /* icon1.jpg */,
				48DBCD121C01E045002EC476 /* icon2.jpg */,
				48DBCD131C01E045002EC476 /* icon3.jpg */,
				48DBCD141C01E045002EC476 /* icon4.jpg */,
				48DBCD151C01E045002EC476 /* pic0.jpg */,
				48DBCD161C01E045002EC476 /* pic1.jpg */,
				48DBCD171C01E045002EC476 /* pic2.jpg */,
				48DBCD181C01E045002EC476 /* pic3.jpg */,
				48DBCD191C01E045002EC476 /* pic4.jpg */,
			);
			path = Images;
			sourceTree = "<group>";
		};
		99E7289C1BE5E22D00771161 /* SDRefeshView */ = {
			isa = PBXGroup;
			children = (
				99E7289D1BE5E22D00771161 /* sdRefeshView_arrow@2x.png */,
				99E7289E1BE5E22D00771161 /* SDRefresh.h */,
				99E7289F1BE5E22D00771161 /* SDRefreshFooterView.h */,
				99E728A01BE5E22D00771161 /* SDRefreshFooterView.m */,
				99E728A11BE5E22D00771161 /* SDRefreshHeaderView.h */,
				99E728A21BE5E22D00771161 /* SDRefreshHeaderView.m */,
				99E728A31BE5E22D00771161 /* SDRefreshView.h */,
				99E728A41BE5E22D00771161 /* SDRefreshView.m */,
				99E728A51BE5E22D00771161 /* UIView+SDExtension.h */,
				99E728A61BE5E22D00771161 /* UIView+SDExtension.m */,
			);
			path = SDRefeshView;
			sourceTree = "<group>";
		};
/* End PBXGroup section */

/* Begin PBXNativeTarget section */
		487D3EB01BCB9EC700A66173 /* SDAutoLayout 测试 Demo */ = {
			isa = PBXNativeTarget;
			buildConfigurationList = 487D3ED41BCB9EC700A66173 /* Build configuration list for PBXNativeTarget "SDAutoLayout 测试 Demo" */;
			buildPhases = (
				487D3EAD1BCB9EC700A66173 /* Sources */,
				487D3EAE1BCB9EC700A66173 /* Frameworks */,
				487D3EAF1BCB9EC700A66173 /* Resources */,
			);
			buildRules = (
			);
			dependencies = (
			);
			name = "SDAutoLayout 测试 Demo";
			productName = "SDAutoLayout 测试 Demo";
			productReference = 487D3EB11BCB9EC700A66173 /* SDAutoLayout 测试 Demo.app */;
			productType = "com.apple.product-type.application";
		};
		487D3EC91BCB9EC700A66173 /* SDAutoLayout 测试 DemoTests */ = {
			isa = PBXNativeTarget;
			buildConfigurationList = 487D3ED71BCB9EC700A66173 /* Build configuration list for PBXNativeTarget "SDAutoLayout 测试 DemoTests" */;
			buildPhases = (
				487D3EC61BCB9EC700A66173 /* Sources */,
				487D3EC71BCB9EC700A66173 /* Frameworks */,
				487D3EC81BCB9EC700A66173 /* Resources */,
			);
			buildRules = (
			);
			dependencies = (
				487D3ECC1BCB9EC700A66173 /* PBXTargetDependency */,
			);
			name = "SDAutoLayout 测试 DemoTests";
			productName = "SDAutoLayout 测试 DemoTests";
			productReference = 487D3ECA1BCB9EC700A66173 /* SDAutoLayout 测试 DemoTests.xctest */;
			productType = "com.apple.product-type.bundle.unit-test";
		};
/* End PBXNativeTarget section */

/* Begin PBXProject section */
		487D3EA91BCB9EC700A66173 /* Project object */ = {
			isa = PBXProject;
			attributes = {
				LastUpgradeCheck = 0640;
				ORGANIZATIONNAME = gsd;
				TargetAttributes = {
					487D3EB01BCB9EC700A66173 = {
						CreatedOnToolsVersion = 6.4;
						DevelopmentTeam = V4Q779DR3D;
					};
					487D3EC91BCB9EC700A66173 = {
						CreatedOnToolsVersion = 6.4;
						TestTargetID = 487D3EB01BCB9EC700A66173;
					};
				};
			};
			buildConfigurationList = 487D3EAC1BCB9EC700A66173 /* Build configuration list for PBXProject "SDAutoLayout 测试 Demo" */;
			compatibilityVersion = "Xcode 3.2";
			developmentRegion = English;
			hasScannedForEncodings = 0;
			knownRegions = (
				en,
				Base,
			);
			mainGroup = 487D3EA81BCB9EC700A66173;
			productRefGroup = 487D3EB21BCB9EC700A66173 /* Products */;
			projectDirPath = "";
			projectRoot = "";
			targets = (
				487D3EB01BCB9EC700A66173 /* SDAutoLayout 测试 Demo */,
				487D3EC91BCB9EC700A66173 /* SDAutoLayout 测试 DemoTests */,
			);
		};
/* End PBXProject section */

/* Begin PBXResourcesBuildPhase section */
		487D3EAF1BCB9EC700A66173 /* Resources */ = {
			isa = PBXResourcesBuildPhase;
			buildActionMask = 2147483647;
			files = (
				48DBCD1A1C01E045002EC476 /* icon0.jpg in Resources */,
				4841F5E91C2ABC60004979F4 /* pic5.jpg in Resources */,
				4841F5EB1C2ABC60004979F4 /* pic7.jpg in Resources */,
				48DBCD221C01E045002EC476 /* pic3.jpg in Resources */,
				48DBCD211C01E045002EC476 /* pic2.jpg in Resources */,
				48DBCD231C01E045002EC476 /* pic4.jpg in Resources */,
				48DBCD1F1C01E045002EC476 /* pic0.jpg in Resources */,
				4841F5F21C2ACC2B004979F4 /* pbg.jpg in Resources */,
				487D3EC01BCB9EC700A66173 /* Main.storyboard in Resources */,
				4841F5F31C2ACC2B004979F4 /* picon.jpg in Resources */,
				48DBCD1B1C01E045002EC476 /* icon1.jpg in Resources */,
				48DBCD201C01E045002EC476 /* pic1.jpg in Resources */,
				4841F5EA1C2ABC60004979F4 /* pic6.jpg in Resources */,
				487D3EC51BCB9EC700A66173 /* LaunchScreen.xib in Resources */,
				48DBCD1D1C01E045002EC476 /* icon3.jpg in Resources */,
				4841F5EC1C2ABC60004979F4 /* pic8.jpg in Resources */,
				487D3EC21BCB9EC700A66173 /* Images.xcassets in Resources */,
				48DBCD1C1C01E045002EC476 /* icon2.jpg in Resources */,
				99E728A71BE5E22D00771161 /* sdRefeshView_arrow@2x.png in Resources */,
				48DBCD1E1C01E045002EC476 /* icon4.jpg in Resources */,
			);
			runOnlyForDeploymentPostprocessing = 0;
		};
		487D3EC81BCB9EC700A66173 /* Resources */ = {
			isa = PBXResourcesBuildPhase;
			buildActionMask = 2147483647;
			files = (
			);
			runOnlyForDeploymentPostprocessing = 0;
		};
/* End PBXResourcesBuildPhase section */

/* Begin PBXSourcesBuildPhase section */
		487D3EAD1BCB9EC700A66173 /* Sources */ = {
			isa = PBXSourcesBuildPhase;
			buildActionMask = 2147483647;
			files = (
				487D3EE71BCBA78B00A66173 /* DemoTableViewControler.m in Sources */,
				487D3EBD1BCB9EC700A66173 /* ViewController.m in Sources */,
				48DA2B011BFB529200A771E6 /* UIView+SDAutoLayout.m in Sources */,
				4841F65A1C2ADCAE004979F4 /* SDWebImageManager.m in Sources */,
				487D3EF41BCBB71500A66173 /* DemoVC3.m in Sources */,
				486A382D1C0D852C000D43E5 /* DemoVC6.m in Sources */,
				4841F5DE1C2A8632004979F4 /* DemoVC9Cell.m in Sources */,
				4841F65E1C2ADCAE004979F4 /* UIImage+MultiFormat.m in Sources */,
				4841F5DB1C2A8275004979F4 /* DemoVC9.m in Sources */,
				4841F6581C2ADCAE004979F4 /* SDWebImageDownloader.m in Sources */,
				48DBCD0E1C01DA1E002EC476 /* DemoVC5Model.m in Sources */,
				4841F65F1C2ADCAE004979F4 /* UIImage+WebP.m in Sources */,
				4841F5FE1C2AD949004979F4 /* SDWaitingView.m in Sources */,
				484511711C2439830071BE2C /* DemoVC7Cell2.m in Sources */,
				4841F5FC1C2AD949004979F4 /* SDBrowserImageView.m in Sources */,
				484511721C2439830071BE2C /* DemoVC7Model.m in Sources */,
				4841F6601C2ADCAE004979F4 /* UIImageView+HighlightedWebCache.m in Sources */,
				4841F6571C2ADCAE004979F4 /* SDWebImageDecoder.m in Sources */,
				4841F65B1C2ADCAE004979F4 /* SDWebImagePrefetcher.m in Sources */,
				4867A48F1C292EF800BE8767 /* DemoVC8.m in Sources */,
				487D3EBA1BCB9EC700A66173 /* AppDelegate.m in Sources */,
				48DBCD0B1C01D89C002EC476 /* DemoVC5.m in Sources */,
				4841F5E41C2A94ED004979F4 /* SDWeiXinPhotoContainerView.m in Sources */,
				4845116F1C2439830071BE2C /* DemoVC7.m in Sources */,
				4841F5FD1C2AD949004979F4 /* SDPhotoBrowser.m in Sources */,
				4841F65D1C2ADCAE004979F4 /* UIImage+GIF.m in Sources */,
				4841F6611C2ADCAE004979F4 /* UIImageView+WebCache.m in Sources */,
				484511701C2439830071BE2C /* DemoVC7Cell.m in Sources */,
				4841F6551C2ADCAE004979F4 /* SDImageCache.m in Sources */,
				48DA2B001BFB529200A771E6 /* UITableView+SDAutoTableViewCellHeight.m in Sources */,
				99E728AA1BE5E22D00771161 /* SDRefreshView.m in Sources */,
				48D632331BD0A7B500F86A88 /* DemoVC4.m in Sources */,
				487D3EE11BCBA55700A66173 /* DemoVC0.m in Sources */,
				4841F6591C2ADCAE004979F4 /* SDWebImageDownloaderOperation.m in Sources */,
				99E728AB1BE5E22D00771161 /* UIView+SDExtension.m in Sources */,
				99E728A81BE5E22D00771161 /* SDRefreshFooterView.m in Sources */,
				4841F6561C2ADCAE004979F4 /* SDWebImageCompat.m in Sources */,
				4841F6541C2ADCAE004979F4 /* NSData+ImageContentType.m in Sources */,
				48DBCD081C01D884002EC476 /* DemoVC5CellTableViewCell.m in Sources */,
				487D3EEA1BCBACF500A66173 /* DemoVC2.m in Sources */,
				99E728A91BE5E22D00771161 /* SDRefreshHeaderView.m in Sources */,
				4841F65C1C2ADCAE004979F4 /* UIButton+WebCache.m in Sources */,
				487D3EF01BCBB61A00A66173 /* TestCell2.m in Sources */,
				487D3EB71BCB9EC700A66173 /* main.m in Sources */,
				4841F5EF1C2AC7D6004979F4 /* DemoVC9HeaderView.m in Sources */,
				4841F6621C2ADCAE004979F4 /* UIView+WebCacheOperation.m in Sources */,
				4841F6531C2ADCAE004979F4 /* MKAnnotationView+WebCache.m in Sources */,
				4841F5E11C2A90CF004979F4 /* Demo9Model.m in Sources */,
				487D3EE41BCBA6CA00A66173 /* DemoVC1.m in Sources */,
			);
			runOnlyForDeploymentPostprocessing = 0;
		};
		487D3EC61BCB9EC700A66173 /* Sources */ = {
			isa = PBXSourcesBuildPhase;
			buildActionMask = 2147483647;
			files = (
				487D3ED11BCB9EC700A66173 /* SDAutoLayout____DemoTests.m in Sources */,
			);
			runOnlyForDeploymentPostprocessing = 0;
		};
/* End PBXSourcesBuildPhase section */

/* Begin PBXTargetDependency section */
		487D3ECC1BCB9EC700A66173 /* PBXTargetDependency */ = {
			isa = PBXTargetDependency;
			target = 487D3EB01BCB9EC700A66173 /* SDAutoLayout 测试 Demo */;
			targetProxy = 487D3ECB1BCB9EC700A66173 /* PBXContainerItemProxy */;
		};
/* End PBXTargetDependency section */

/* Begin PBXVariantGroup section */
		487D3EBE1BCB9EC700A66173 /* Main.storyboard */ = {
			isa = PBXVariantGroup;
			children = (
				487D3EBF1BCB9EC700A66173 /* Base */,
			);
			name = Main.storyboard;
			sourceTree = "<group>";
		};
		487D3EC31BCB9EC700A66173 /* LaunchScreen.xib */ = {
			isa = PBXVariantGroup;
			children = (
				487D3EC41BCB9EC700A66173 /* Base */,
			);
			name = LaunchScreen.xib;
			sourceTree = "<group>";
		};
/* End PBXVariantGroup section */

/* Begin XCBuildConfiguration section */
		487D3ED21BCB9EC700A66173 /* Debug */ = {
			isa = XCBuildConfiguration;
			buildSettings = {
				ALWAYS_SEARCH_USER_PATHS = NO;
				CLANG_CXX_LANGUAGE_STANDARD = "gnu++0x";
				CLANG_CXX_LIBRARY = "libc++";
				CLANG_ENABLE_MODULES = YES;
				CLANG_ENABLE_OBJC_ARC = YES;
				CLANG_WARN_BOOL_CONVERSION = YES;
				CLANG_WARN_CONSTANT_CONVERSION = YES;
				CLANG_WARN_DIRECT_OBJC_ISA_USAGE = YES_ERROR;
				CLANG_WARN_EMPTY_BODY = YES;
				CLANG_WARN_ENUM_CONVERSION = YES;
				CLANG_WARN_INT_CONVERSION = YES;
				CLANG_WARN_OBJC_ROOT_CLASS = YES_ERROR;
				CLANG_WARN_UNREACHABLE_CODE = YES;
				CLANG_WARN__DUPLICATE_METHOD_MATCH = YES;
				"CODE_SIGN_IDENTITY[sdk=iphoneos*]" = "iPhone Developer";
				COPY_PHASE_STRIP = NO;
				DEBUG_INFORMATION_FORMAT = "dwarf-with-dsym";
				ENABLE_STRICT_OBJC_MSGSEND = YES;
				GCC_C_LANGUAGE_STANDARD = gnu99;
				GCC_DYNAMIC_NO_PIC = NO;
				GCC_NO_COMMON_BLOCKS = YES;
				GCC_OPTIMIZATION_LEVEL = 0;
				GCC_PREPROCESSOR_DEFINITIONS = (
					"DEBUG=1",
					"$(inherited)",
				);
				GCC_SYMBOLS_PRIVATE_EXTERN = NO;
				GCC_WARN_64_TO_32_BIT_CONVERSION = YES;
				GCC_WARN_ABOUT_RETURN_TYPE = YES_ERROR;
				GCC_WARN_UNDECLARED_SELECTOR = YES;
				GCC_WARN_UNINITIALIZED_AUTOS = YES_AGGRESSIVE;
				GCC_WARN_UNUSED_FUNCTION = YES;
				GCC_WARN_UNUSED_VARIABLE = YES;
				IPHONEOS_DEPLOYMENT_TARGET = 8.4;
				MTL_ENABLE_DEBUG_INFO = YES;
				ONLY_ACTIVE_ARCH = YES;
				SDKROOT = iphoneos;
				TARGETED_DEVICE_FAMILY = "1,2";
			};
			name = Debug;
		};
		487D3ED31BCB9EC700A66173 /* Release */ = {
			isa = XCBuildConfiguration;
			buildSettings = {
				ALWAYS_SEARCH_USER_PATHS = NO;
				CLANG_CXX_LANGUAGE_STANDARD = "gnu++0x";
				CLANG_CXX_LIBRARY = "libc++";
				CLANG_ENABLE_MODULES = YES;
				CLANG_ENABLE_OBJC_ARC = YES;
				CLANG_WARN_BOOL_CONVERSION = YES;
				CLANG_WARN_CONSTANT_CONVERSION = YES;
				CLANG_WARN_DIRECT_OBJC_ISA_USAGE = YES_ERROR;
				CLANG_WARN_EMPTY_BODY = YES;
				CLANG_WARN_ENUM_CONVERSION = YES;
				CLANG_WARN_INT_CONVERSION = YES;
				CLANG_WARN_OBJC_ROOT_CLASS = YES_ERROR;
				CLANG_WARN_UNREACHABLE_CODE = YES;
				CLANG_WARN__DUPLICATE_METHOD_MATCH = YES;
				"CODE_SIGN_IDENTITY[sdk=iphoneos*]" = "iPhone Developer";
				COPY_PHASE_STRIP = NO;
				DEBUG_INFORMATION_FORMAT = "dwarf-with-dsym";
				ENABLE_NS_ASSERTIONS = NO;
				ENABLE_STRICT_OBJC_MSGSEND = YES;
				GCC_C_LANGUAGE_STANDARD = gnu99;
				GCC_NO_COMMON_BLOCKS = YES;
				GCC_WARN_64_TO_32_BIT_CONVERSION = YES;
				GCC_WARN_ABOUT_RETURN_TYPE = YES_ERROR;
				GCC_WARN_UNDECLARED_SELECTOR = YES;
				GCC_WARN_UNINITIALIZED_AUTOS = YES_AGGRESSIVE;
				GCC_WARN_UNUSED_FUNCTION = YES;
				GCC_WARN_UNUSED_VARIABLE = YES;
				IPHONEOS_DEPLOYMENT_TARGET = 8.4;
				MTL_ENABLE_DEBUG_INFO = NO;
				SDKROOT = iphoneos;
				TARGETED_DEVICE_FAMILY = "1,2";
				VALIDATE_PRODUCT = YES;
			};
			name = Release;
		};
		487D3ED51BCB9EC700A66173 /* Debug */ = {
			isa = XCBuildConfiguration;
			buildSettings = {
				ASSETCATALOG_COMPILER_APPICON_NAME = AppIcon;
				CODE_SIGN_IDENTITY = "iPhone Developer";
				INFOPLIST_FILE = "SDAutoLayout 测试 Demo/Info.plist";
				IPHONEOS_DEPLOYMENT_TARGET = 6.0;
				LD_RUNPATH_SEARCH_PATHS = "$(inherited) @executable_path/Frameworks";
				PRODUCT_NAME = "$(TARGET_NAME)";
			};
			name = Debug;
		};
		487D3ED61BCB9EC700A66173 /* Release */ = {
			isa = XCBuildConfiguration;
			buildSettings = {
				ASSETCATALOG_COMPILER_APPICON_NAME = AppIcon;
				CODE_SIGN_IDENTITY = "iPhone Developer";
				INFOPLIST_FILE = "SDAutoLayout 测试 Demo/Info.plist";
				IPHONEOS_DEPLOYMENT_TARGET = 6.0;
				LD_RUNPATH_SEARCH_PATHS = "$(inherited) @executable_path/Frameworks";
				PRODUCT_NAME = "$(TARGET_NAME)";
			};
			name = Release;
		};
		487D3ED81BCB9EC700A66173 /* Debug */ = {
			isa = XCBuildConfiguration;
			buildSettings = {
				BUNDLE_LOADER = "$(TEST_HOST)";
				FRAMEWORK_SEARCH_PATHS = (
					"$(SDKROOT)/Developer/Library/Frameworks",
					"$(inherited)",
				);
				GCC_PREPROCESSOR_DEFINITIONS = (
					"DEBUG=1",
					"$(inherited)",
				);
				INFOPLIST_FILE = "SDAutoLayout 测试 DemoTests/Info.plist";
				LD_RUNPATH_SEARCH_PATHS = "$(inherited) @executable_path/Frameworks @loader_path/Frameworks";
				PRODUCT_NAME = "$(TARGET_NAME)";
				TEST_HOST = "$(BUILT_PRODUCTS_DIR)/SDAutoLayout 测试 Demo.app/SDAutoLayout 测试 Demo";
			};
			name = Debug;
		};
		487D3ED91BCB9EC700A66173 /* Release */ = {
			isa = XCBuildConfiguration;
			buildSettings = {
				BUNDLE_LOADER = "$(TEST_HOST)";
				FRAMEWORK_SEARCH_PATHS = (
					"$(SDKROOT)/Developer/Library/Frameworks",
					"$(inherited)",
				);
				INFOPLIST_FILE = "SDAutoLayout 测试 DemoTests/Info.plist";
				LD_RUNPATH_SEARCH_PATHS = "$(inherited) @executable_path/Frameworks @loader_path/Frameworks";
				PRODUCT_NAME = "$(TARGET_NAME)";
				TEST_HOST = "$(BUILT_PRODUCTS_DIR)/SDAutoLayout 测试 Demo.app/SDAutoLayout 测试 Demo";
			};
			name = Release;
		};
/* End XCBuildConfiguration section */

/* Begin XCConfigurationList section */
		487D3EAC1BCB9EC700A66173 /* Build configuration list for PBXProject "SDAutoLayout 测试 Demo" */ = {
			isa = XCConfigurationList;
			buildConfigurations = (
				487D3ED21BCB9EC700A66173 /* Debug */,
				487D3ED31BCB9EC700A66173 /* Release */,
			);
			defaultConfigurationIsVisible = 0;
			defaultConfigurationName = Release;
		};
		487D3ED41BCB9EC700A66173 /* Build configuration list for PBXNativeTarget "SDAutoLayout 测试 Demo" */ = {
			isa = XCConfigurationList;
			buildConfigurations = (
				487D3ED51BCB9EC700A66173 /* Debug */,
				487D3ED61BCB9EC700A66173 /* Release */,
			);
			defaultConfigurationIsVisible = 0;
			defaultConfigurationName = Release;
		};
		487D3ED71BCB9EC700A66173 /* Build configuration list for PBXNativeTarget "SDAutoLayout 测试 DemoTests" */ = {
			isa = XCConfigurationList;
			buildConfigurations = (
				487D3ED81BCB9EC700A66173 /* Debug */,
				487D3ED91BCB9EC700A66173 /* Release */,
			);
			defaultConfigurationIsVisible = 0;
			defaultConfigurationName = Release;
		};
/* End XCConfigurationList section */
	};
	rootObject = 487D3EA91BCB9EC700A66173 /* Project object */;
}
